{
  "pins" : [
    {
      "identity" : "gifu",
      "kind" : "remoteSourceControl",
      "location" : "https://github.com/kaishin/Gifu.git",
      "state" : {
        "revision" : "82da0086dea14ca9afc9801234ad8dc4cd9e2738",
        "version" : "3.4.1"
      }
    },
    {
      "identity" : "scrollkit",
      "kind" : "remoteSourceControl",
      "location" : "https://github.com/danielsaidi/ScrollKit.git",
      "state" : {
        "revision" : "cbb941a2009f92f221c310156fd8be65845be79d",
        "version" : "0.3.0"
      }
    }
  ],
  "version" : 2
}
