// !$*UTF8*$!
{
	archiveVersion = 1;
	classes = {
	};
	objectVersion = 56;
	objects = {

/* Begin PBXBuildFile section */
		031F38D62AFBB691002E2EAD /* AnimatedGifView.swift in Sources */ = {isa = PBXBuildFile; fileRef = 031F38D52AFBB691002E2EAD /* AnimatedGifView.swift */; };
		031F38D92AFBB8B6002E2EAD /* Gifu in Frameworks */ = {isa = PBXBuildFile; productRef = 031F38D82AFBB8B6002E2EAD /* Gifu */; };
		031F38E82AFBBD1C002E2EAD /* partlyCloudyNightCharacter.gif in Resources */ = {isa = PBXBuildFile; fileRef = 031F38DC2AFBBD1B002E2EAD /* partlyCloudyNightCharacter.gif */; };
		031F38EA2AFBBD1C002E2EAD /* rainCharacter.gif in Resources */ = {isa = PBXBuildFile; fileRef = 031F38DE2AFBBD1B002E2EAD /* rainCharacter.gif */; };
		031F38EB2AFBBD1C002E2EAD /* snowCharacter.gif in Resources */ = {isa = PBXBuildFile; fileRef = 031F38DF2AFBBD1B002E2EAD /* snowCharacter.gif */; };
		031F38EC2AFBBD1C002E2EAD /* clearNightCharacter.gif in Resources */ = {isa = PBXBuildFile; fileRef = 031F38E02AFBBD1B002E2EAD /* clearNightCharacter.gif */; };
		031F38ED2AFBBD1C002E2EAD /* windyCharacter.gif in Resources */ = {isa = PBXBuildFile; fileRef = 031F38E12AFBBD1B002E2EAD /* windyCharacter.gif */; };
		031F38EE2AFBBD1C002E2EAD /* freezingRainCharacter.gif in Resources */ = {isa = PBXBuildFile; fileRef = 031F38E22AFBBD1B002E2EAD /* freezingRainCharacter.gif */; };
		031F38EF2AFBBD1C002E2EAD /* heavyRainCharacter.gif in Resources */ = {isa = PBXBuildFile; fileRef = 031F38E32AFBBD1B002E2EAD /* heavyRainCharacter.gif */; };
		031F38F02AFBBD1C002E2EAD /* cloudyCharacter.gif in Resources */ = {isa = PBXBuildFile; fileRef = 031F38E42AFBBD1B002E2EAD /* cloudyCharacter.gif */; };
		031F38F12AFBBD1C002E2EAD /* partlyCloudyCharacter.gif in Resources */ = {isa = PBXBuildFile; fileRef = 031F38E52AFBBD1B002E2EAD /* partlyCloudyCharacter.gif */; };
		031F38F22AFBBD1C002E2EAD /* thunderstormCharacter.gif in Resources */ = {isa = PBXBuildFile; fileRef = 031F38E62AFBBD1C002E2EAD /* thunderstormCharacter.gif */; };
		031F38F32AFBBD1C002E2EAD /* foggyCharacter.gif in Resources */ = {isa = PBXBuildFile; fileRef = 031F38E72AFBBD1C002E2EAD /* foggyCharacter.gif */; };
		036CA6782AB4C3540056C453 /* DailyWeatherView.swift in Sources */ = {isa = PBXBuildFile; fileRef = 036CA6772AB4C3540056C453 /* DailyWeatherView.swift */; };
		036CA6932AB8C54F0056C453 /* DetailedWeatherView.swift in Sources */ = {isa = PBXBuildFile; fileRef = 036CA6922AB8C54F0056C453 /* DetailedWeatherView.swift */; };
		036CA69D2AB9598F0056C453 /* WeeklyWeatherView.swift in Sources */ = {isa = PBXBuildFile; fileRef = 036CA69C2AB9598F0056C453 /* WeeklyWeatherView.swift */; };
		03B2F45A2AAF3CCB005A5AD4 /* Color+Palette.swift in Sources */ = {isa = PBXBuildFile; fileRef = 03B2F4592AAF3CCB005A5AD4 /* Color+Palette.swift */; };
		03B2F4632AB08EB7005A5AD4 /* RealTimeWeather.swift in Sources */ = {isa = PBXBuildFile; fileRef = 03B2F4622AB08EB7005A5AD4 /* RealTimeWeather.swift */; };
		03B2F46A2AB09F08005A5AD4 /* Font+.swift in Sources */ = {isa = PBXBuildFile; fileRef = 03B2F4692AB09F08005A5AD4 /* Font+.swift */; };
		03B2F46D2AB09FAA005A5AD4 /* IMHyemin-Bold.otf in Resources */ = {isa = PBXBuildFile; fileRef = 03B2F46C2AB09FAA005A5AD4 /* IMHyemin-Bold.otf */; };
		03B2F46F2AB09FD3005A5AD4 /* Pretendard-SemiBold.otf in Resources */ = {isa = PBXBuildFile; fileRef = 03B2F46E2AB09FD3005A5AD4 /* Pretendard-SemiBold.otf */; };
		03B2F4712AB09FDD005A5AD4 /* Pretendard-Medium.otf in Resources */ = {isa = PBXBuildFile; fileRef = 03B2F4702AB09FDD005A5AD4 /* Pretendard-Medium.otf */; };
		03DD90152AEFCFF100AA072C /* LocationStore.swift in Sources */ = {isa = PBXBuildFile; fileRef = 03DD90142AEFCFF100AA072C /* LocationStore.swift */; };
		0E4F79FD2B8CFFEF0033497B /* WidgetKit.framework in Frameworks */ = {isa = PBXBuildFile; fileRef = 0E4F79FC2B8CFFEF0033497B /* WidgetKit.framework */; };
		0E4F79FF2B8CFFEF0033497B /* SwiftUI.framework in Frameworks */ = {isa = PBXBuildFile; fileRef = 0E4F79FE2B8CFFEF0033497B /* SwiftUI.framework */; };
		0E4F7A022B8CFFEF0033497B /* MiniSamchunBundle.swift in Sources */ = {isa = PBXBuildFile; fileRef = 0E4F7A012B8CFFEF0033497B /* MiniSamchunBundle.swift */; };
		0E4F7A042B8CFFEF0033497B /* MiniSamchunLiveActivity.swift in Sources */ = {isa = PBXBuildFile; fileRef = 0E4F7A032B8CFFEF0033497B /* MiniSamchunLiveActivity.swift */; };
		0E4F7A062B8CFFEF0033497B /* MiniSamchun.swift in Sources */ = {isa = PBXBuildFile; fileRef = 0E4F7A052B8CFFEF0033497B /* MiniSamchun.swift */; };
		0E4F7A082B8CFFEF0033497B /* AppIntent.swift in Sources */ = {isa = PBXBuildFile; fileRef = 0E4F7A072B8CFFEF0033497B /* AppIntent.swift */; };
		0E4F7A0A2B8CFFF00033497B /* Assets.xcassets in Resources */ = {isa = PBXBuildFile; fileRef = 0E4F7A092B8CFFF00033497B /* Assets.xcassets */; };
		0E4F7A0E2B8CFFF00033497B /* MiniSamchunExtension.appex in Embed Foundation Extensions */ = {isa = PBXBuildFile; fileRef = 0E4F79FA2B8CFFEF0033497B /* MiniSamchunExtension.appex */; settings = {ATTRIBUTES = (RemoveHeadersOnCopy, ); }; };
		0E4F7A132B8D04F00033497B /* WeatherManager.swift in Sources */ = {isa = PBXBuildFile; fileRef = 0EE65AEB2AB6DC690038A32F /* WeatherManager.swift */; };
		0E4F7A142B8D04F30033497B /* LocationManager.swift in Sources */ = {isa = PBXBuildFile; fileRef = 0EE65AE92AB6D5AD0038A32F /* LocationManager.swift */; };
		0E4F7A152B8D05350033497B /* LocationListViewModel.swift in Sources */ = {isa = PBXBuildFile; fileRef = 7C7E8A042AD57CF000EE5260 /* LocationListViewModel.swift */; };
		0E4F7A172B8D0C1F0033497B /* Font+.swift in Sources */ = {isa = PBXBuildFile; fileRef = 03B2F4692AB09F08005A5AD4 /* Font+.swift */; };
		0E4F7A182B8D0C240033497B /* Color+Palette.swift in Sources */ = {isa = PBXBuildFile; fileRef = 03B2F4592AAF3CCB005A5AD4 /* Color+Palette.swift */; };
		0E4F7A192B8D0C270033497B /* View+.swift in Sources */ = {isa = PBXBuildFile; fileRef = 0E7B8A7C2ACC3C52006E1F5E /* View+.swift */; };
		0E4F7A1A2B8D0C2A0033497B /* Weather+.swift in Sources */ = {isa = PBXBuildFile; fileRef = 0E868C252AD4A8BB007D28F8 /* Weather+.swift */; };
		0E4F7A1B2B8D0C2C0033497B /* CGFloat+.swift in Sources */ = {isa = PBXBuildFile; fileRef = 0E9EEFF12B1F8C5700D85EB8 /* CGFloat+.swift */; };
		0E4F7A1C2B8D0C2F0033497B /* UIScreen+.swift in Sources */ = {isa = PBXBuildFile; fileRef = 0E9EEFF32B1F8CAC00D85EB8 /* UIScreen+.swift */; };
		0E4F7A1E2B8D16A70033497B /* Pretendard-Medium.otf in Resources */ = {isa = PBXBuildFile; fileRef = 03B2F4702AB09FDD005A5AD4 /* Pretendard-Medium.otf */; };
		0E4F7A1F2B8D16A70033497B /* Pretendard-SemiBold.otf in Resources */ = {isa = PBXBuildFile; fileRef = 03B2F46E2AB09FD3005A5AD4 /* Pretendard-SemiBold.otf */; };
		0E4F7A202B8D16A70033497B /* IMHyemin-Bold.otf in Resources */ = {isa = PBXBuildFile; fileRef = 03B2F46C2AB09FAA005A5AD4 /* IMHyemin-Bold.otf */; };
		0E4F7A212B8D16AE0033497B /* partlyCloudyCharacter.gif in Resources */ = {isa = PBXBuildFile; fileRef = 031F38E52AFBBD1B002E2EAD /* partlyCloudyCharacter.gif */; };
		0E4F7A222B8D16AE0033497B /* clearNightCharacter.gif in Resources */ = {isa = PBXBuildFile; fileRef = 031F38E02AFBBD1B002E2EAD /* clearNightCharacter.gif */; };
		0E4F7A232B8D16AE0033497B /* heavyRainCharacter.gif in Resources */ = {isa = PBXBuildFile; fileRef = 031F38E32AFBBD1B002E2EAD /* heavyRainCharacter.gif */; };
		0E4F7A242B8D16AE0033497B /* thunderstormCharacter.gif in Resources */ = {isa = PBXBuildFile; fileRef = 031F38E62AFBBD1C002E2EAD /* thunderstormCharacter.gif */; };
		0E4F7A252B8D16AE0033497B /* windyCharacter.gif in Resources */ = {isa = PBXBuildFile; fileRef = 031F38E12AFBBD1B002E2EAD /* windyCharacter.gif */; };
		0E4F7A262B8D16AE0033497B /* rainCharacter.gif in Resources */ = {isa = PBXBuildFile; fileRef = 031F38DE2AFBBD1B002E2EAD /* rainCharacter.gif */; };
		0E4F7A272B8D16AE0033497B /* clearCharacter.gif in Resources */ = {isa = PBXBuildFile; fileRef = 031F38F52AFBBD54002E2EAD /* clearCharacter.gif */; };
		0E4F7A282B8D16AE0033497B /* splash.gif in Resources */ = {isa = PBXBuildFile; fileRef = 0E5D08D02B00C5D70082C0F6 /* splash.gif */; };
		0E4F7A292B8D16AE0033497B /* cloudyCharacter.gif in Resources */ = {isa = PBXBuildFile; fileRef = 031F38E42AFBBD1B002E2EAD /* cloudyCharacter.gif */; };
		0E4F7A2A2B8D16AE0033497B /* foggyCharacter.gif in Resources */ = {isa = PBXBuildFile; fileRef = 031F38E72AFBBD1C002E2EAD /* foggyCharacter.gif */; };
		0E4F7A2B2B8D16AE0033497B /* freezingRainCharacter.gif in Resources */ = {isa = PBXBuildFile; fileRef = 031F38E22AFBBD1B002E2EAD /* freezingRainCharacter.gif */; };
		0E4F7A2C2B8D16AE0033497B /* partlyCloudyNightCharacter.gif in Resources */ = {isa = PBXBuildFile; fileRef = 031F38DC2AFBBD1B002E2EAD /* partlyCloudyNightCharacter.gif */; };
		0E4F7A2D2B8D16AE0033497B /* snowCharacter.gif in Resources */ = {isa = PBXBuildFile; fileRef = 031F38DF2AFBBD1B002E2EAD /* snowCharacter.gif */; };
		0E5D08CD2B00C51F0082C0F6 /* SplashScreenView.swift in Sources */ = {isa = PBXBuildFile; fileRef = 0E5D08CC2B00C51F0082C0F6 /* SplashScreenView.swift */; };
		0E5D08CF2B00C5450082C0F6 /* AnimatedSplashGifView.swift in Sources */ = {isa = PBXBuildFile; fileRef = 0E5D08CE2B00C5450082C0F6 /* AnimatedSplashGifView.swift */; };
		0E5D08D12B00C5D70082C0F6 /* splash.gif in Resources */ = {isa = PBXBuildFile; fileRef = 0E5D08D02B00C5D70082C0F6 /* splash.gif */; };
		0E6377382B0B962900D6477B /* InformationView.swift in Sources */ = {isa = PBXBuildFile; fileRef = 0E6377372B0B962900D6477B /* InformationView.swift */; };
		0E7B8A7D2ACC3C52006E1F5E /* View+.swift in Sources */ = {isa = PBXBuildFile; fileRef = 0E7B8A7C2ACC3C52006E1F5E /* View+.swift */; };
		0E7B8A802ACC56D6006E1F5E /* ScrollKit in Frameworks */ = {isa = PBXBuildFile; productRef = 0E7B8A7F2ACC56D6006E1F5E /* ScrollKit */; };
		0E7B8A822ACC7111006E1F5E /* MainScrolledView.swift in Sources */ = {isa = PBXBuildFile; fileRef = 0E7B8A812ACC7111006E1F5E /* MainScrolledView.swift */; };
		0E7B8A842ACC7384006E1F5E /* RealTimeWeatherView.swift in Sources */ = {isa = PBXBuildFile; fileRef = 0E7B8A832ACC7384006E1F5E /* RealTimeWeatherView.swift */; };
		0E7DD5CD2AC95F3C00DE28D3 /* MainView.swift in Sources */ = {isa = PBXBuildFile; fileRef = 0E7DD5CC2AC95F3C00DE28D3 /* MainView.swift */; };
		0E7E52652B22246000904D00 /* clearCharacter.gif in Resources */ = {isa = PBXBuildFile; fileRef = 031F38F52AFBBD54002E2EAD /* clearCharacter.gif */; };
		0E868C262AD4A8BB007D28F8 /* Weather+.swift in Sources */ = {isa = PBXBuildFile; fileRef = 0E868C252AD4A8BB007D28F8 /* Weather+.swift */; };
		0E9EEFF22B1F8C5700D85EB8 /* CGFloat+.swift in Sources */ = {isa = PBXBuildFile; fileRef = 0E9EEFF12B1F8C5700D85EB8 /* CGFloat+.swift */; };
		0E9EEFF42B1F8CAC00D85EB8 /* UIScreen+.swift in Sources */ = {isa = PBXBuildFile; fileRef = 0E9EEFF32B1F8CAC00D85EB8 /* UIScreen+.swift */; };
		0EAF068A2B0BAB0F00AEA978 /* MakePeopleView.swift in Sources */ = {isa = PBXBuildFile; fileRef = 0EAF06892B0BAB0F00AEA978 /* MakePeopleView.swift */; };
		0EAF068C2B0BADC200AEA978 /* WebView.swift in Sources */ = {isa = PBXBuildFile; fileRef = 0EAF068B2B0BADC200AEA978 /* WebView.swift */; };
		0EAF068E2B0BAF7000AEA978 /* ResourcesView.swift in Sources */ = {isa = PBXBuildFile; fileRef = 0EAF068D2B0BAF7000AEA978 /* ResourcesView.swift */; };
		0EB04B612AA6D17900DC0933 /* NalssiUttungApp.swift in Sources */ = {isa = PBXBuildFile; fileRef = 0EB04B602AA6D17900DC0933 /* NalssiUttungApp.swift */; };
		0EB04B652AA6D17A00DC0933 /* Assets.xcassets in Resources */ = {isa = PBXBuildFile; fileRef = 0EB04B642AA6D17A00DC0933 /* Assets.xcassets */; };
		0EB04B682AA6D17A00DC0933 /* Preview Assets.xcassets in Resources */ = {isa = PBXBuildFile; fileRef = 0EB04B672AA6D17A00DC0933 /* Preview Assets.xcassets */; };
		0EB04B722AA6D17A00DC0933 /* NalssiUttungTests.swift in Sources */ = {isa = PBXBuildFile; fileRef = 0EB04B712AA6D17A00DC0933 /* NalssiUttungTests.swift */; };
		0EB04B7C2AA6D17A00DC0933 /* NalssiUttungUITests.swift in Sources */ = {isa = PBXBuildFile; fileRef = 0EB04B7B2AA6D17A00DC0933 /* NalssiUttungUITests.swift */; };
		0EB04B7E2AA6D17A00DC0933 /* NalssiUttungUITestsLaunchTests.swift in Sources */ = {isa = PBXBuildFile; fileRef = 0EB04B7D2AA6D17A00DC0933 /* NalssiUttungUITestsLaunchTests.swift */; };
		0EE65AEA2AB6D5AD0038A32F /* LocationManager.swift in Sources */ = {isa = PBXBuildFile; fileRef = 0EE65AE92AB6D5AD0038A32F /* LocationManager.swift */; };
		0EE65AEC2AB6DC690038A32F /* WeatherManager.swift in Sources */ = {isa = PBXBuildFile; fileRef = 0EE65AEB2AB6DC690038A32F /* WeatherManager.swift */; };
		7C0D1BDD2AAB7E7400A8BCFF /* LocationCard.swift in Sources */ = {isa = PBXBuildFile; fileRef = 7C0D1BDC2AAB7E7400A8BCFF /* LocationCard.swift */; };
		7C7E8A052AD57CF000EE5260 /* LocationListViewModel.swift in Sources */ = {isa = PBXBuildFile; fileRef = 7C7E8A042AD57CF000EE5260 /* LocationListViewModel.swift */; };
		7C7E8A072AD5867F00EE5260 /* CardModalView.swift in Sources */ = {isa = PBXBuildFile; fileRef = 7C7E8A062AD5867F00EE5260 /* CardModalView.swift */; };
		7CA773DD2AA7949800D70BD3 /* .swiftlint.yml in Resources */ = {isa = PBXBuildFile; fileRef = 7CA773DC2AA7949800D70BD3 /* .swiftlint.yml */; };
		7CA9A3C82AAF56FF0051CC25 /* NavigationBar.swift in Sources */ = {isa = PBXBuildFile; fileRef = 7CA9A3C72AAF56FF0051CC25 /* NavigationBar.swift */; };
		7CA9A3CD2AAF60110051CC25 /* LocationListView.swift in Sources */ = {isa = PBXBuildFile; fileRef = 7CA9A3CC2AAF60110051CC25 /* LocationListView.swift */; };
/* End PBXBuildFile section */

/* Begin PBXContainerItemProxy section */
		0E4F7A0C2B8CFFF00033497B /* PBXContainerItemProxy */ = {
			isa = PBXContainerItemProxy;
			containerPortal = 0EB04B552AA6D17900DC0933 /* Project object */;
			proxyType = 1;
			remoteGlobalIDString = 0E4F79F92B8CFFEF0033497B;
			remoteInfo = MiniSamchunExtension;
		};
		0EB04B6E2AA6D17A00DC0933 /* PBXContainerItemProxy */ = {
			isa = PBXContainerItemProxy;
			containerPortal = 0EB04B552AA6D17900DC0933 /* Project object */;
			proxyType = 1;
			remoteGlobalIDString = 0EB04B5C2AA6D17900DC0933;
			remoteInfo = NalssiUttung;
		};
		0EB04B782AA6D17A00DC0933 /* PBXContainerItemProxy */ = {
			isa = PBXContainerItemProxy;
			containerPortal = 0EB04B552AA6D17900DC0933 /* Project object */;
			proxyType = 1;
			remoteGlobalIDString = 0EB04B5C2AA6D17900DC0933;
			remoteInfo = NalssiUttung;
		};
/* End PBXContainerItemProxy section */

/* Begin PBXCopyFilesBuildPhase section */
		0E4F7A122B8CFFF00033497B /* Embed Foundation Extensions */ = {
			isa = PBXCopyFilesBuildPhase;
			buildActionMask = 2147483647;
			dstPath = "";
			dstSubfolderSpec = 13;
			files = (
				0E4F7A0E2B8CFFF00033497B /* MiniSamchunExtension.appex in Embed Foundation Extensions */,
			);
			name = "Embed Foundation Extensions";
			runOnlyForDeploymentPostprocessing = 0;
		};
/* End PBXCopyFilesBuildPhase section */

/* Begin PBXFileReference section */
		031F38D52AFBB691002E2EAD /* AnimatedGifView.swift */ = {isa = PBXFileReference; lastKnownFileType = sourcecode.swift; path = AnimatedGifView.swift; sourceTree = "<group>"; };
		031F38DC2AFBBD1B002E2EAD /* partlyCloudyNightCharacter.gif */ = {isa = PBXFileReference; lastKnownFileType = image.gif; path = partlyCloudyNightCharacter.gif; sourceTree = "<group>"; };
		031F38DE2AFBBD1B002E2EAD /* rainCharacter.gif */ = {isa = PBXFileReference; lastKnownFileType = image.gif; path = rainCharacter.gif; sourceTree = "<group>"; };
		031F38DF2AFBBD1B002E2EAD /* snowCharacter.gif */ = {isa = PBXFileReference; lastKnownFileType = image.gif; path = snowCharacter.gif; sourceTree = "<group>"; };
		031F38E02AFBBD1B002E2EAD /* clearNightCharacter.gif */ = {isa = PBXFileReference; lastKnownFileType = image.gif; path = clearNightCharacter.gif; sourceTree = "<group>"; };
		031F38E12AFBBD1B002E2EAD /* windyCharacter.gif */ = {isa = PBXFileReference; lastKnownFileType = image.gif; path = windyCharacter.gif; sourceTree = "<group>"; };
		031F38E22AFBBD1B002E2EAD /* freezingRainCharacter.gif */ = {isa = PBXFileReference; lastKnownFileType = image.gif; path = freezingRainCharacter.gif; sourceTree = "<group>"; };
		031F38E32AFBBD1B002E2EAD /* heavyRainCharacter.gif */ = {isa = PBXFileReference; lastKnownFileType = image.gif; path = heavyRainCharacter.gif; sourceTree = "<group>"; };
		031F38E42AFBBD1B002E2EAD /* cloudyCharacter.gif */ = {isa = PBXFileReference; lastKnownFileType = image.gif; path = cloudyCharacter.gif; sourceTree = "<group>"; };
		031F38E52AFBBD1B002E2EAD /* partlyCloudyCharacter.gif */ = {isa = PBXFileReference; lastKnownFileType = image.gif; path = partlyCloudyCharacter.gif; sourceTree = "<group>"; };
		031F38E62AFBBD1C002E2EAD /* thunderstormCharacter.gif */ = {isa = PBXFileReference; lastKnownFileType = image.gif; path = thunderstormCharacter.gif; sourceTree = "<group>"; };
		031F38E72AFBBD1C002E2EAD /* foggyCharacter.gif */ = {isa = PBXFileReference; lastKnownFileType = image.gif; path = foggyCharacter.gif; sourceTree = "<group>"; };
		031F38F52AFBBD54002E2EAD /* clearCharacter.gif */ = {isa = PBXFileReference; lastKnownFileType = image.gif; path = clearCharacter.gif; sourceTree = "<group>"; };
		036CA6772AB4C3540056C453 /* DailyWeatherView.swift */ = {isa = PBXFileReference; lastKnownFileType = sourcecode.swift; path = DailyWeatherView.swift; sourceTree = "<group>"; };
		036CA6922AB8C54F0056C453 /* DetailedWeatherView.swift */ = {isa = PBXFileReference; lastKnownFileType = sourcecode.swift; path = DetailedWeatherView.swift; sourceTree = "<group>"; };
		036CA69C2AB9598F0056C453 /* WeeklyWeatherView.swift */ = {isa = PBXFileReference; lastKnownFileType = sourcecode.swift; path = WeeklyWeatherView.swift; sourceTree = "<group>"; };
		03B2F4592AAF3CCB005A5AD4 /* Color+Palette.swift */ = {isa = PBXFileReference; lastKnownFileType = sourcecode.swift; path = "Color+Palette.swift"; sourceTree = "<group>"; };
		03B2F4622AB08EB7005A5AD4 /* RealTimeWeather.swift */ = {isa = PBXFileReference; lastKnownFileType = sourcecode.swift; path = RealTimeWeather.swift; sourceTree = "<group>"; };
		03B2F4692AB09F08005A5AD4 /* Font+.swift */ = {isa = PBXFileReference; lastKnownFileType = sourcecode.swift; path = "Font+.swift"; sourceTree = "<group>"; };
		03B2F46C2AB09FAA005A5AD4 /* IMHyemin-Bold.otf */ = {isa = PBXFileReference; lastKnownFileType = file; path = "IMHyemin-Bold.otf"; sourceTree = "<group>"; };
		03B2F46E2AB09FD3005A5AD4 /* Pretendard-SemiBold.otf */ = {isa = PBXFileReference; lastKnownFileType = file; path = "Pretendard-SemiBold.otf"; sourceTree = "<group>"; };
		03B2F4702AB09FDD005A5AD4 /* Pretendard-Medium.otf */ = {isa = PBXFileReference; lastKnownFileType = file; path = "Pretendard-Medium.otf"; sourceTree = "<group>"; };
		03B2F4722AB0A063005A5AD4 /* Info.plist */ = {isa = PBXFileReference; lastKnownFileType = text.plist; path = Info.plist; sourceTree = "<group>"; };
		03DD90142AEFCFF100AA072C /* LocationStore.swift */ = {isa = PBXFileReference; lastKnownFileType = sourcecode.swift; path = LocationStore.swift; sourceTree = "<group>"; };
		0E4F79FA2B8CFFEF0033497B /* MiniSamchunExtension.appex */ = {isa = PBXFileReference; explicitFileType = "wrapper.app-extension"; includeInIndex = 0; path = MiniSamchunExtension.appex; sourceTree = BUILT_PRODUCTS_DIR; };
		0E4F79FC2B8CFFEF0033497B /* WidgetKit.framework */ = {isa = PBXFileReference; lastKnownFileType = wrapper.framework; name = WidgetKit.framework; path = System/Library/Frameworks/WidgetKit.framework; sourceTree = SDKROOT; };
		0E4F79FE2B8CFFEF0033497B /* SwiftUI.framework */ = {isa = PBXFileReference; lastKnownFileType = wrapper.framework; name = SwiftUI.framework; path = System/Library/Frameworks/SwiftUI.framework; sourceTree = SDKROOT; };
		0E4F7A012B8CFFEF0033497B /* MiniSamchunBundle.swift */ = {isa = PBXFileReference; lastKnownFileType = sourcecode.swift; path = MiniSamchunBundle.swift; sourceTree = "<group>"; };
		0E4F7A032B8CFFEF0033497B /* MiniSamchunLiveActivity.swift */ = {isa = PBXFileReference; lastKnownFileType = sourcecode.swift; path = MiniSamchunLiveActivity.swift; sourceTree = "<group>"; };
		0E4F7A052B8CFFEF0033497B /* MiniSamchun.swift */ = {isa = PBXFileReference; lastKnownFileType = sourcecode.swift; path = MiniSamchun.swift; sourceTree = "<group>"; };
		0E4F7A072B8CFFEF0033497B /* AppIntent.swift */ = {isa = PBXFileReference; lastKnownFileType = sourcecode.swift; path = AppIntent.swift; sourceTree = "<group>"; };
		0E4F7A092B8CFFF00033497B /* Assets.xcassets */ = {isa = PBXFileReference; lastKnownFileType = folder.assetcatalog; path = Assets.xcassets; sourceTree = "<group>"; };
		0E4F7A0B2B8CFFF00033497B /* Info.plist */ = {isa = PBXFileReference; lastKnownFileType = text.plist.xml; path = Info.plist; sourceTree = "<group>"; };
		0E4F7A1D2B8D102E0033497B /* MiniSamchunExtension.entitlements */ = {isa = PBXFileReference; lastKnownFileType = text.plist.entitlements; path = MiniSamchunExtension.entitlements; sourceTree = "<group>"; };
		0E5D08CC2B00C51F0082C0F6 /* SplashScreenView.swift */ = {isa = PBXFileReference; fileEncoding = 4; lastKnownFileType = sourcecode.swift; path = SplashScreenView.swift; sourceTree = "<group>"; };
		0E5D08CE2B00C5450082C0F6 /* AnimatedSplashGifView.swift */ = {isa = PBXFileReference; fileEncoding = 4; lastKnownFileType = sourcecode.swift; path = AnimatedSplashGifView.swift; sourceTree = "<group>"; };
		0E5D08D02B00C5D70082C0F6 /* splash.gif */ = {isa = PBXFileReference; lastKnownFileType = image.gif; path = splash.gif; sourceTree = "<group>"; };
		0E6377372B0B962900D6477B /* InformationView.swift */ = {isa = PBXFileReference; lastKnownFileType = sourcecode.swift; path = InformationView.swift; sourceTree = "<group>"; };
		0E7B8A7C2ACC3C52006E1F5E /* View+.swift */ = {isa = PBXFileReference; lastKnownFileType = sourcecode.swift; path = "View+.swift"; sourceTree = "<group>"; };
		0E7B8A812ACC7111006E1F5E /* MainScrolledView.swift */ = {isa = PBXFileReference; lastKnownFileType = sourcecode.swift; path = MainScrolledView.swift; sourceTree = "<group>"; };
		0E7B8A832ACC7384006E1F5E /* RealTimeWeatherView.swift */ = {isa = PBXFileReference; lastKnownFileType = sourcecode.swift; path = RealTimeWeatherView.swift; sourceTree = "<group>"; };
		0E7DD5CC2AC95F3C00DE28D3 /* MainView.swift */ = {isa = PBXFileReference; lastKnownFileType = sourcecode.swift; path = MainView.swift; sourceTree = "<group>"; };
		0E868C252AD4A8BB007D28F8 /* Weather+.swift */ = {isa = PBXFileReference; lastKnownFileType = sourcecode.swift; path = "Weather+.swift"; sourceTree = "<group>"; };
		0E9EEFF12B1F8C5700D85EB8 /* CGFloat+.swift */ = {isa = PBXFileReference; lastKnownFileType = sourcecode.swift; path = "CGFloat+.swift"; sourceTree = "<group>"; };
		0E9EEFF32B1F8CAC00D85EB8 /* UIScreen+.swift */ = {isa = PBXFileReference; lastKnownFileType = sourcecode.swift; path = "UIScreen+.swift"; sourceTree = "<group>"; };
		0EAF06892B0BAB0F00AEA978 /* MakePeopleView.swift */ = {isa = PBXFileReference; lastKnownFileType = sourcecode.swift; path = MakePeopleView.swift; sourceTree = "<group>"; };
		0EAF068B2B0BADC200AEA978 /* WebView.swift */ = {isa = PBXFileReference; lastKnownFileType = sourcecode.swift; path = WebView.swift; sourceTree = "<group>"; };
		0EAF068D2B0BAF7000AEA978 /* ResourcesView.swift */ = {isa = PBXFileReference; lastKnownFileType = sourcecode.swift; path = ResourcesView.swift; sourceTree = "<group>"; };
		0EB04B5D2AA6D17900DC0933 /* NalssiUttung.app */ = {isa = PBXFileReference; explicitFileType = wrapper.application; includeInIndex = 0; path = NalssiUttung.app; sourceTree = BUILT_PRODUCTS_DIR; };
		0EB04B602AA6D17900DC0933 /* NalssiUttungApp.swift */ = {isa = PBXFileReference; lastKnownFileType = sourcecode.swift; path = NalssiUttungApp.swift; sourceTree = "<group>"; };
		0EB04B642AA6D17A00DC0933 /* Assets.xcassets */ = {isa = PBXFileReference; lastKnownFileType = folder.assetcatalog; path = Assets.xcassets; sourceTree = "<group>"; };
		0EB04B672AA6D17A00DC0933 /* Preview Assets.xcassets */ = {isa = PBXFileReference; lastKnownFileType = folder.assetcatalog; path = "Preview Assets.xcassets"; sourceTree = "<group>"; };
		0EB04B6D2AA6D17A00DC0933 /* NalssiUttungTests.xctest */ = {isa = PBXFileReference; explicitFileType = wrapper.cfbundle; includeInIndex = 0; path = NalssiUttungTests.xctest; sourceTree = BUILT_PRODUCTS_DIR; };
		0EB04B712AA6D17A00DC0933 /* NalssiUttungTests.swift */ = {isa = PBXFileReference; lastKnownFileType = sourcecode.swift; path = NalssiUttungTests.swift; sourceTree = "<group>"; };
		0EB04B772AA6D17A00DC0933 /* NalssiUttungUITests.xctest */ = {isa = PBXFileReference; explicitFileType = wrapper.cfbundle; includeInIndex = 0; path = NalssiUttungUITests.xctest; sourceTree = BUILT_PRODUCTS_DIR; };
		0EB04B7B2AA6D17A00DC0933 /* NalssiUttungUITests.swift */ = {isa = PBXFileReference; lastKnownFileType = sourcecode.swift; path = NalssiUttungUITests.swift; sourceTree = "<group>"; };
		0EB04B7D2AA6D17A00DC0933 /* NalssiUttungUITestsLaunchTests.swift */ = {isa = PBXFileReference; lastKnownFileType = sourcecode.swift; path = NalssiUttungUITestsLaunchTests.swift; sourceTree = "<group>"; };
		0EE65AE92AB6D5AD0038A32F /* LocationManager.swift */ = {isa = PBXFileReference; lastKnownFileType = sourcecode.swift; path = LocationManager.swift; sourceTree = "<group>"; };
		0EE65AEB2AB6DC690038A32F /* WeatherManager.swift */ = {isa = PBXFileReference; lastKnownFileType = sourcecode.swift; path = WeatherManager.swift; sourceTree = "<group>"; };
		0EE65AED2AB6DC750038A32F /* NalssiUttung.entitlements */ = {isa = PBXFileReference; lastKnownFileType = text.plist.entitlements; path = NalssiUttung.entitlements; sourceTree = "<group>"; };
		7C0D1BDC2AAB7E7400A8BCFF /* LocationCard.swift */ = {isa = PBXFileReference; lastKnownFileType = sourcecode.swift; path = LocationCard.swift; sourceTree = "<group>"; };
		7C7E8A042AD57CF000EE5260 /* LocationListViewModel.swift */ = {isa = PBXFileReference; lastKnownFileType = sourcecode.swift; path = LocationListViewModel.swift; sourceTree = "<group>"; };
		7C7E8A062AD5867F00EE5260 /* CardModalView.swift */ = {isa = PBXFileReference; lastKnownFileType = sourcecode.swift; path = CardModalView.swift; sourceTree = "<group>"; };
		7CA773DC2AA7949800D70BD3 /* .swiftlint.yml */ = {isa = PBXFileReference; lastKnownFileType = text.yaml; path = .swiftlint.yml; sourceTree = "<group>"; };
		7CA9A3C72AAF56FF0051CC25 /* NavigationBar.swift */ = {isa = PBXFileReference; lastKnownFileType = sourcecode.swift; path = NavigationBar.swift; sourceTree = "<group>"; };
		7CA9A3CC2AAF60110051CC25 /* LocationListView.swift */ = {isa = PBXFileReference; lastKnownFileType = sourcecode.swift; path = LocationListView.swift; sourceTree = "<group>"; };
/* End PBXFileReference section */

/* Begin PBXFrameworksBuildPhase section */
		0E4F79F72B8CFFEF0033497B /* Frameworks */ = {
			isa = PBXFrameworksBuildPhase;
			buildActionMask = 2147483647;
			files = (
				0E4F79FF2B8CFFEF0033497B /* SwiftUI.framework in Frameworks */,
				0E4F79FD2B8CFFEF0033497B /* WidgetKit.framework in Frameworks */,
			);
			runOnlyForDeploymentPostprocessing = 0;
		};
		0EB04B5A2AA6D17900DC0933 /* Frameworks */ = {
			isa = PBXFrameworksBuildPhase;
			buildActionMask = 2147483647;
			files = (
				0E7B8A802ACC56D6006E1F5E /* ScrollKit in Frameworks */,
				031F38D92AFBB8B6002E2EAD /* Gifu in Frameworks */,
			);
			runOnlyForDeploymentPostprocessing = 0;
		};
		0EB04B6A2AA6D17A00DC0933 /* Frameworks */ = {
			isa = PBXFrameworksBuildPhase;
			buildActionMask = 2147483647;
			files = (
			);
			runOnlyForDeploymentPostprocessing = 0;
		};
		0EB04B742AA6D17A00DC0933 /* Frameworks */ = {
			isa = PBXFrameworksBuildPhase;
			buildActionMask = 2147483647;
			files = (
			);
			runOnlyForDeploymentPostprocessing = 0;
		};
/* End PBXFrameworksBuildPhase section */

/* Begin PBXGroup section */
		031F38F42AFBBD40002E2EAD /* GIFImage */ = {
			isa = PBXGroup;
			children = (
				0E5D08D02B00C5D70082C0F6 /* splash.gif */,
				031F38F52AFBBD54002E2EAD /* clearCharacter.gif */,
				031F38E02AFBBD1B002E2EAD /* clearNightCharacter.gif */,
				031F38E42AFBBD1B002E2EAD /* cloudyCharacter.gif */,
				031F38E72AFBBD1C002E2EAD /* foggyCharacter.gif */,
				031F38E22AFBBD1B002E2EAD /* freezingRainCharacter.gif */,
				031F38E32AFBBD1B002E2EAD /* heavyRainCharacter.gif */,
				031F38E52AFBBD1B002E2EAD /* partlyCloudyCharacter.gif */,
				031F38DC2AFBBD1B002E2EAD /* partlyCloudyNightCharacter.gif */,
				031F38DE2AFBBD1B002E2EAD /* rainCharacter.gif */,
				031F38DF2AFBBD1B002E2EAD /* snowCharacter.gif */,
				031F38E62AFBBD1C002E2EAD /* thunderstormCharacter.gif */,
				031F38E12AFBBD1B002E2EAD /* windyCharacter.gif */,
			);
			path = GIFImage;
			sourceTree = "<group>";
		};
		03B2F45B2AAF3DDA005A5AD4 /* Extension */ = {
			isa = PBXGroup;
			children = (
				03B2F4592AAF3CCB005A5AD4 /* Color+Palette.swift */,
				03B2F4692AB09F08005A5AD4 /* Font+.swift */,
				0E7B8A7C2ACC3C52006E1F5E /* View+.swift */,
				0E868C252AD4A8BB007D28F8 /* Weather+.swift */,
				0E9EEFF12B1F8C5700D85EB8 /* CGFloat+.swift */,
				0E9EEFF32B1F8CAC00D85EB8 /* UIScreen+.swift */,
			);
			path = Extension;
			sourceTree = "<group>";
		};
		03B2F46B2AB09F89005A5AD4 /* Resources */ = {
			isa = PBXGroup;
			children = (
				031F38F42AFBBD40002E2EAD /* GIFImage */,
				03B2F46C2AB09FAA005A5AD4 /* IMHyemin-Bold.otf */,
				03B2F46E2AB09FD3005A5AD4 /* Pretendard-SemiBold.otf */,
				03B2F4702AB09FDD005A5AD4 /* Pretendard-Medium.otf */,
			);
			path = Resources;
			sourceTree = "<group>";
		};
		0E4F79FB2B8CFFEF0033497B /* Frameworks */ = {
			isa = PBXGroup;
			children = (
				0E4F79FC2B8CFFEF0033497B /* WidgetKit.framework */,
				0E4F79FE2B8CFFEF0033497B /* SwiftUI.framework */,
			);
			name = Frameworks;
			sourceTree = "<group>";
		};
		0E4F7A002B8CFFEF0033497B /* MiniSamchun */ = {
			isa = PBXGroup;
			children = (
				0E4F7A012B8CFFEF0033497B /* MiniSamchunBundle.swift */,
				0E4F7A032B8CFFEF0033497B /* MiniSamchunLiveActivity.swift */,
				0E4F7A052B8CFFEF0033497B /* MiniSamchun.swift */,
				0E4F7A072B8CFFEF0033497B /* AppIntent.swift */,
				0E4F7A092B8CFFF00033497B /* Assets.xcassets */,
				0E4F7A0B2B8CFFF00033497B /* Info.plist */,
			);
			path = MiniSamchun;
			sourceTree = "<group>";
		};
		0E6377392B0B962E00D6477B /* Information */ = {
			isa = PBXGroup;
			children = (
				0E6377372B0B962900D6477B /* InformationView.swift */,
				0EAF06892B0BAB0F00AEA978 /* MakePeopleView.swift */,
				0EAF068D2B0BAF7000AEA978 /* ResourcesView.swift */,
			);
			path = Information;
			sourceTree = "<group>";
		};
		0E9EEFF52B1F8D1A00D85EB8 /* MainView */ = {
			isa = PBXGroup;
			children = (
				0E7DD5CC2AC95F3C00DE28D3 /* MainView.swift */,
				0E7B8A812ACC7111006E1F5E /* MainScrolledView.swift */,
				036CA6772AB4C3540056C453 /* DailyWeatherView.swift */,
				036CA69C2AB9598F0056C453 /* WeeklyWeatherView.swift */,
				036CA6922AB8C54F0056C453 /* DetailedWeatherView.swift */,
				0E7B8A832ACC7384006E1F5E /* RealTimeWeatherView.swift */,
			);
			path = MainView;
			sourceTree = "<group>";
		};
		0E9EEFF62B1F8D3800D85EB8 /* Animation */ = {
			isa = PBXGroup;
			children = (
				0E5D08CC2B00C51F0082C0F6 /* SplashScreenView.swift */,
				0E5D08CE2B00C5450082C0F6 /* AnimatedSplashGifView.swift */,
				031F38D52AFBB691002E2EAD /* AnimatedGifView.swift */,
			);
			path = Animation;
			sourceTree = "<group>";
		};
		0E9EEFF72B1F8D5200D85EB8 /* Components */ = {
			isa = PBXGroup;
			children = (
				7CA9A3C72AAF56FF0051CC25 /* NavigationBar.swift */,
				7C0D1BDC2AAB7E7400A8BCFF /* LocationCard.swift */,
				7C7E8A062AD5867F00EE5260 /* CardModalView.swift */,
			);
			path = Components;
			sourceTree = "<group>";
		};
		0E9EEFF82B1F8D5E00D85EB8 /* LocationListView */ = {
			isa = PBXGroup;
			children = (
				7CA9A3CC2AAF60110051CC25 /* LocationListView.swift */,
			);
			path = LocationListView;
			sourceTree = "<group>";
		};
		0EB04B542AA6D17900DC0933 = {
			isa = PBXGroup;
			children = (
				0E4F7A1D2B8D102E0033497B /* MiniSamchunExtension.entitlements */,
				7CA773DC2AA7949800D70BD3 /* .swiftlint.yml */,
				0EB04B602AA6D17900DC0933 /* NalssiUttungApp.swift */,
				0EB04B5F2AA6D17900DC0933 /* NalssiUttung */,
				0EB04B702AA6D17A00DC0933 /* NalssiUttungTests */,
				0EB04B7A2AA6D17A00DC0933 /* NalssiUttungUITests */,
				0E4F7A002B8CFFEF0033497B /* MiniSamchun */,
				0E4F79FB2B8CFFEF0033497B /* Frameworks */,
				0EB04B5E2AA6D17900DC0933 /* Products */,
			);
			sourceTree = "<group>";
		};
		0EB04B5E2AA6D17900DC0933 /* Products */ = {
			isa = PBXGroup;
			children = (
				0EB04B5D2AA6D17900DC0933 /* NalssiUttung.app */,
				0EB04B6D2AA6D17A00DC0933 /* NalssiUttungTests.xctest */,
				0EB04B772AA6D17A00DC0933 /* NalssiUttungUITests.xctest */,
				0E4F79FA2B8CFFEF0033497B /* MiniSamchunExtension.appex */,
			);
			name = Products;
			sourceTree = "<group>";
		};
		0EB04B5F2AA6D17900DC0933 /* NalssiUttung */ = {
			isa = PBXGroup;
			children = (
				0EE65AED2AB6DC750038A32F /* NalssiUttung.entitlements */,
				0EE65AE82AB6D5A10038A32F /* Manager */,
				7CA9A3CF2AAF64EB0051CC25 /* Model */,
				7C0D1BD82AAB7E2E00A8BCFF /* Views */,
				03B2F4722AB0A063005A5AD4 /* Info.plist */,
				0EB04B642AA6D17A00DC0933 /* Assets.xcassets */,
				03B2F45B2AAF3DDA005A5AD4 /* Extension */,
				03B2F46B2AB09F89005A5AD4 /* Resources */,
				0EB04B662AA6D17A00DC0933 /* Preview Content */,
			);
			path = NalssiUttung;
			sourceTree = "<group>";
		};
		0EB04B662AA6D17A00DC0933 /* Preview Content */ = {
			isa = PBXGroup;
			children = (
				0EB04B672AA6D17A00DC0933 /* Preview Assets.xcassets */,
			);
			path = "Preview Content";
			sourceTree = "<group>";
		};
		0EB04B702AA6D17A00DC0933 /* NalssiUttungTests */ = {
			isa = PBXGroup;
			children = (
				0EB04B712AA6D17A00DC0933 /* NalssiUttungTests.swift */,
			);
			path = NalssiUttungTests;
			sourceTree = "<group>";
		};
		0EB04B7A2AA6D17A00DC0933 /* NalssiUttungUITests */ = {
			isa = PBXGroup;
			children = (
				0EB04B7B2AA6D17A00DC0933 /* NalssiUttungUITests.swift */,
				0EB04B7D2AA6D17A00DC0933 /* NalssiUttungUITestsLaunchTests.swift */,
			);
			path = NalssiUttungUITests;
			sourceTree = "<group>";
		};
		0EE65AE82AB6D5A10038A32F /* Manager */ = {
			isa = PBXGroup;
			children = (
				0EE65AE92AB6D5AD0038A32F /* LocationManager.swift */,
				0EE65AEB2AB6DC690038A32F /* WeatherManager.swift */,
				0EAF068B2B0BADC200AEA978 /* WebView.swift */,
			);
			path = Manager;
			sourceTree = "<group>";
		};
		7C0D1BD82AAB7E2E00A8BCFF /* Views */ = {
			isa = PBXGroup;
			children = (
				0E9EEFF82B1F8D5E00D85EB8 /* LocationListView */,
				0E9EEFF72B1F8D5200D85EB8 /* Components */,
				0E9EEFF62B1F8D3800D85EB8 /* Animation */,
				0E9EEFF52B1F8D1A00D85EB8 /* MainView */,
				0E6377392B0B962E00D6477B /* Information */,
			);
			path = Views;
			sourceTree = "<group>";
		};
		7CA9A3CF2AAF64EB0051CC25 /* Model */ = {
			isa = PBXGroup;
			children = (
				03B2F4622AB08EB7005A5AD4 /* RealTimeWeather.swift */,
				7C7E8A042AD57CF000EE5260 /* LocationListViewModel.swift */,
				03DD90142AEFCFF100AA072C /* LocationStore.swift */,
			);
			path = Model;
			sourceTree = "<group>";
		};
/* End PBXGroup section */

/* Begin PBXNativeTarget section */
		0E4F79F92B8CFFEF0033497B /* MiniSamchunExtension */ = {
			isa = PBXNativeTarget;
			buildConfigurationList = 0E4F7A0F2B8CFFF00033497B /* Build configuration list for PBXNativeTarget "MiniSamchunExtension" */;
			buildPhases = (
				0E4F79F62B8CFFEF0033497B /* Sources */,
				0E4F79F72B8CFFEF0033497B /* Frameworks */,
				0E4F79F82B8CFFEF0033497B /* Resources */,
			);
			buildRules = (
			);
			dependencies = (
			);
			name = MiniSamchunExtension;
			productName = MiniSamchunExtension;
			productReference = 0E4F79FA2B8CFFEF0033497B /* MiniSamchunExtension.appex */;
			productType = "com.apple.product-type.app-extension";
		};
		0EB04B5C2AA6D17900DC0933 /* NalssiUttung */ = {
			isa = PBXNativeTarget;
			buildConfigurationList = 0EB04B812AA6D17A00DC0933 /* Build configuration list for PBXNativeTarget "NalssiUttung" */;
			buildPhases = (
				0EB04B592AA6D17900DC0933 /* Sources */,
				0EB04B5A2AA6D17900DC0933 /* Frameworks */,
				0EB04B5B2AA6D17900DC0933 /* Resources */,
				7CA773DB2AA7941D00D70BD3 /* ShellScript */,
				0E4F7A122B8CFFF00033497B /* Embed Foundation Extensions */,
			);
			buildRules = (
			);
			dependencies = (
				0E4F7A0D2B8CFFF00033497B /* PBXTargetDependency */,
			);
			name = NalssiUttung;
			packageProductDependencies = (
				0E7B8A7F2ACC56D6006E1F5E /* ScrollKit */,
				031F38D82AFBB8B6002E2EAD /* Gifu */,
			);
			productName = NalssiUttung;
			productReference = 0EB04B5D2AA6D17900DC0933 /* NalssiUttung.app */;
			productType = "com.apple.product-type.application";
		};
		0EB04B6C2AA6D17A00DC0933 /* NalssiUttungTests */ = {
			isa = PBXNativeTarget;
			buildConfigurationList = 0EB04B842AA6D17A00DC0933 /* Build configuration list for PBXNativeTarget "NalssiUttungTests" */;
			buildPhases = (
				0EB04B692AA6D17A00DC0933 /* Sources */,
				0EB04B6A2AA6D17A00DC0933 /* Frameworks */,
				0EB04B6B2AA6D17A00DC0933 /* Resources */,
			);
			buildRules = (
			);
			dependencies = (
				0EB04B6F2AA6D17A00DC0933 /* PBXTargetDependency */,
			);
			name = NalssiUttungTests;
			productName = NalssiUttungTests;
			productReference = 0EB04B6D2AA6D17A00DC0933 /* NalssiUttungTests.xctest */;
			productType = "com.apple.product-type.bundle.unit-test";
		};
		0EB04B762AA6D17A00DC0933 /* NalssiUttungUITests */ = {
			isa = PBXNativeTarget;
			buildConfigurationList = 0EB04B872AA6D17A00DC0933 /* Build configuration list for PBXNativeTarget "NalssiUttungUITests" */;
			buildPhases = (
				0EB04B732AA6D17A00DC0933 /* Sources */,
				0EB04B742AA6D17A00DC0933 /* Frameworks */,
				0EB04B752AA6D17A00DC0933 /* Resources */,
			);
			buildRules = (
			);
			dependencies = (
				0EB04B792AA6D17A00DC0933 /* PBXTargetDependency */,
			);
			name = NalssiUttungUITests;
			productName = NalssiUttungUITests;
			productReference = 0EB04B772AA6D17A00DC0933 /* NalssiUttungUITests.xctest */;
			productType = "com.apple.product-type.bundle.ui-testing";
		};
/* End PBXNativeTarget section */

/* Begin PBXProject section */
		0EB04B552AA6D17900DC0933 /* Project object */ = {
			isa = PBXProject;
			attributes = {
				BuildIndependentTargetsInParallel = 1;
				LastSwiftUpdateCheck = 1500;
				LastUpgradeCheck = 1430;
				TargetAttributes = {
					0E4F79F92B8CFFEF0033497B = {
						CreatedOnToolsVersion = 15.0.1;
					};
					0EB04B5C2AA6D17900DC0933 = {
						CreatedOnToolsVersion = 14.3.1;
					};
					0EB04B6C2AA6D17A00DC0933 = {
						CreatedOnToolsVersion = 14.3.1;
						TestTargetID = 0EB04B5C2AA6D17900DC0933;
					};
					0EB04B762AA6D17A00DC0933 = {
						CreatedOnToolsVersion = 14.3.1;
						TestTargetID = 0EB04B5C2AA6D17900DC0933;
					};
				};
			};
			buildConfigurationList = 0EB04B582AA6D17900DC0933 /* Build configuration list for PBXProject "NalssiUttung" */;
			compatibilityVersion = "Xcode 14.0";
			developmentRegion = en;
			hasScannedForEncodings = 0;
			knownRegions = (
				en,
				Base,
			);
			mainGroup = 0EB04B542AA6D17900DC0933;
			packageReferences = (
				0E7B8A7E2ACC56D6006E1F5E /* XCRemoteSwiftPackageReference "ScrollKit" */,
				031F38D72AFBB8B6002E2EAD /* XCRemoteSwiftPackageReference "Gifu" */,
			);
			productRefGroup = 0EB04B5E2AA6D17900DC0933 /* Products */;
			projectDirPath = "";
			projectRoot = "";
			targets = (
				0EB04B5C2AA6D17900DC0933 /* NalssiUttung */,
				0EB04B6C2AA6D17A00DC0933 /* NalssiUttungTests */,
				0EB04B762AA6D17A00DC0933 /* NalssiUttungUITests */,
				0E4F79F92B8CFFEF0033497B /* MiniSamchunExtension */,
			);
		};
/* End PBXProject section */

/* Begin PBXResourcesBuildPhase section */
		0E4F79F82B8CFFEF0033497B /* Resources */ = {
			isa = PBXResourcesBuildPhase;
			buildActionMask = 2147483647;
			files = (
				0E4F7A262B8D16AE0033497B /* rainCharacter.gif in Resources */,
				0E4F7A272B8D16AE0033497B /* clearCharacter.gif in Resources */,
				0E4F7A1F2B8D16A70033497B /* Pretendard-SemiBold.otf in Resources */,
				0E4F7A2A2B8D16AE0033497B /* foggyCharacter.gif in Resources */,
				0E4F7A242B8D16AE0033497B /* thunderstormCharacter.gif in Resources */,
				0E4F7A2D2B8D16AE0033497B /* snowCharacter.gif in Resources */,
				0E4F7A2C2B8D16AE0033497B /* partlyCloudyNightCharacter.gif in Resources */,
				0E4F7A222B8D16AE0033497B /* clearNightCharacter.gif in Resources */,
				0E4F7A232B8D16AE0033497B /* heavyRainCharacter.gif in Resources */,
				0E4F7A0A2B8CFFF00033497B /* Assets.xcassets in Resources */,
				0E4F7A252B8D16AE0033497B /* windyCharacter.gif in Resources */,
				0E4F7A292B8D16AE0033497B /* cloudyCharacter.gif in Resources */,
				0E4F7A212B8D16AE0033497B /* partlyCloudyCharacter.gif in Resources */,
				0E4F7A282B8D16AE0033497B /* splash.gif in Resources */,
				0E4F7A202B8D16A70033497B /* IMHyemin-Bold.otf in Resources */,
				0E4F7A1E2B8D16A70033497B /* Pretendard-Medium.otf in Resources */,
				0E4F7A2B2B8D16AE0033497B /* freezingRainCharacter.gif in Resources */,
			);
			runOnlyForDeploymentPostprocessing = 0;
		};
		0EB04B5B2AA6D17900DC0933 /* Resources */ = {
			isa = PBXResourcesBuildPhase;
			buildActionMask = 2147483647;
			files = (
				031F38EF2AFBBD1C002E2EAD /* heavyRainCharacter.gif in Resources */,
				031F38F22AFBBD1C002E2EAD /* thunderstormCharacter.gif in Resources */,
				031F38EA2AFBBD1C002E2EAD /* rainCharacter.gif in Resources */,
				031F38EC2AFBBD1C002E2EAD /* clearNightCharacter.gif in Resources */,
				7CA773DD2AA7949800D70BD3 /* .swiftlint.yml in Resources */,
				031F38F02AFBBD1C002E2EAD /* cloudyCharacter.gif in Resources */,
				0EB04B682AA6D17A00DC0933 /* Preview Assets.xcassets in Resources */,
				031F38ED2AFBBD1C002E2EAD /* windyCharacter.gif in Resources */,
				031F38F32AFBBD1C002E2EAD /* foggyCharacter.gif in Resources */,
				031F38EB2AFBBD1C002E2EAD /* snowCharacter.gif in Resources */,
				0E7E52652B22246000904D00 /* clearCharacter.gif in Resources */,
				031F38EE2AFBBD1C002E2EAD /* freezingRainCharacter.gif in Resources */,
				03B2F46F2AB09FD3005A5AD4 /* Pretendard-SemiBold.otf in Resources */,
				03B2F46D2AB09FAA005A5AD4 /* IMHyemin-Bold.otf in Resources */,
				031F38E82AFBBD1C002E2EAD /* partlyCloudyNightCharacter.gif in Resources */,
				031F38F12AFBBD1C002E2EAD /* partlyCloudyCharacter.gif in Resources */,
				0E5D08D12B00C5D70082C0F6 /* splash.gif in Resources */,
				0EB04B652AA6D17A00DC0933 /* Assets.xcassets in Resources */,
				03B2F4712AB09FDD005A5AD4 /* Pretendard-Medium.otf in Resources */,
			);
			runOnlyForDeploymentPostprocessing = 0;
		};
		0EB04B6B2AA6D17A00DC0933 /* Resources */ = {
			isa = PBXResourcesBuildPhase;
			buildActionMask = 2147483647;
			files = (
			);
			runOnlyForDeploymentPostprocessing = 0;
		};
		0EB04B752AA6D17A00DC0933 /* Resources */ = {
			isa = PBXResourcesBuildPhase;
			buildActionMask = 2147483647;
			files = (
			);
			runOnlyForDeploymentPostprocessing = 0;
		};
/* End PBXResourcesBuildPhase section */

/* Begin PBXShellScriptBuildPhase section */
		7CA773DB2AA7941D00D70BD3 /* ShellScript */ = {
			isa = PBXShellScriptBuildPhase;
			alwaysOutOfDate = 1;
			buildActionMask = 2147483647;
			files = (
			);
			inputFileListPaths = (
			);
			inputPaths = (
			);
			outputFileListPaths = (
			);
			outputPaths = (
			);
			runOnlyForDeploymentPostprocessing = 0;
			shellPath = /bin/sh;
			shellScript = "export PATH=\"$PATH:/opt/homebrew/bin\"\nif which swiftlint > /dev/null; then\n  swiftlint\nelse\n  echo \"warning: SwiftLint not installed, download from https://github.com/realm/SwiftLint\"\nfi\n";
		};
/* End PBXShellScriptBuildPhase section */

/* Begin PBXSourcesBuildPhase section */
		0E4F79F62B8CFFEF0033497B /* Sources */ = {
			isa = PBXSourcesBuildPhase;
			buildActionMask = 2147483647;
			files = (
				0E4F7A172B8D0C1F0033497B /* Font+.swift in Sources */,
				0E4F7A1C2B8D0C2F0033497B /* UIScreen+.swift in Sources */,
				0E4F7A022B8CFFEF0033497B /* MiniSamchunBundle.swift in Sources */,
				0E4F7A082B8CFFEF0033497B /* AppIntent.swift in Sources */,
				0E4F7A142B8D04F30033497B /* LocationManager.swift in Sources */,
				0E4F7A1B2B8D0C2C0033497B /* CGFloat+.swift in Sources */,
				0E4F7A132B8D04F00033497B /* WeatherManager.swift in Sources */,
				0E4F7A182B8D0C240033497B /* Color+Palette.swift in Sources */,
				0E4F7A062B8CFFEF0033497B /* MiniSamchun.swift in Sources */,
				0E4F7A152B8D05350033497B /* LocationListViewModel.swift in Sources */,
				0E4F7A1A2B8D0C2A0033497B /* Weather+.swift in Sources */,
				0E4F7A192B8D0C270033497B /* View+.swift in Sources */,
				0E4F7A042B8CFFEF0033497B /* MiniSamchunLiveActivity.swift in Sources */,
			);
			runOnlyForDeploymentPostprocessing = 0;
		};
		0EB04B592AA6D17900DC0933 /* Sources */ = {
			isa = PBXSourcesBuildPhase;
			buildActionMask = 2147483647;
			files = (
				0EAF068E2B0BAF7000AEA978 /* ResourcesView.swift in Sources */,
				036CA6782AB4C3540056C453 /* DailyWeatherView.swift in Sources */,
				0E5D08CF2B00C5450082C0F6 /* AnimatedSplashGifView.swift in Sources */,
				0E7B8A822ACC7111006E1F5E /* MainScrolledView.swift in Sources */,
				03DD90152AEFCFF100AA072C /* LocationStore.swift in Sources */,
				036CA6932AB8C54F0056C453 /* DetailedWeatherView.swift in Sources */,
				03B2F4632AB08EB7005A5AD4 /* RealTimeWeather.swift in Sources */,
				0E868C262AD4A8BB007D28F8 /* Weather+.swift in Sources */,
				0E7B8A7D2ACC3C52006E1F5E /* View+.swift in Sources */,
				0E9EEFF42B1F8CAC00D85EB8 /* UIScreen+.swift in Sources */,
				0EE65AEC2AB6DC690038A32F /* WeatherManager.swift in Sources */,
				0E6377382B0B962900D6477B /* InformationView.swift in Sources */,
				7CA9A3C82AAF56FF0051CC25 /* NavigationBar.swift in Sources */,
				0E9EEFF22B1F8C5700D85EB8 /* CGFloat+.swift in Sources */,
				7C0D1BDD2AAB7E7400A8BCFF /* LocationCard.swift in Sources */,
				7CA9A3CD2AAF60110051CC25 /* LocationListView.swift in Sources */,
				0EB04B612AA6D17900DC0933 /* NalssiUttungApp.swift in Sources */,
				0E7B8A842ACC7384006E1F5E /* RealTimeWeatherView.swift in Sources */,
				0EAF068C2B0BADC200AEA978 /* WebView.swift in Sources */,
				0E7DD5CD2AC95F3C00DE28D3 /* MainView.swift in Sources */,
				036CA69D2AB9598F0056C453 /* WeeklyWeatherView.swift in Sources */,
				0E5D08CD2B00C51F0082C0F6 /* SplashScreenView.swift in Sources */,
				03B2F45A2AAF3CCB005A5AD4 /* Color+Palette.swift in Sources */,
				7C7E8A072AD5867F00EE5260 /* CardModalView.swift in Sources */,
				031F38D62AFBB691002E2EAD /* AnimatedGifView.swift in Sources */,
				03B2F46A2AB09F08005A5AD4 /* Font+.swift in Sources */,
				0EE65AEA2AB6D5AD0038A32F /* LocationManager.swift in Sources */,
				0EAF068A2B0BAB0F00AEA978 /* MakePeopleView.swift in Sources */,
				7C7E8A052AD57CF000EE5260 /* LocationListViewModel.swift in Sources */,
			);
			runOnlyForDeploymentPostprocessing = 0;
		};
		0EB04B692AA6D17A00DC0933 /* Sources */ = {
			isa = PBXSourcesBuildPhase;
			buildActionMask = 2147483647;
			files = (
				0EB04B722AA6D17A00DC0933 /* NalssiUttungTests.swift in Sources */,
			);
			runOnlyForDeploymentPostprocessing = 0;
		};
		0EB04B732AA6D17A00DC0933 /* Sources */ = {
			isa = PBXSourcesBuildPhase;
			buildActionMask = 2147483647;
			files = (
				0EB04B7C2AA6D17A00DC0933 /* NalssiUttungUITests.swift in Sources */,
				0EB04B7E2AA6D17A00DC0933 /* NalssiUttungUITestsLaunchTests.swift in Sources */,
			);
			runOnlyForDeploymentPostprocessing = 0;
		};
/* End PBXSourcesBuildPhase section */

/* Begin PBXTargetDependency section */
		0E4F7A0D2B8CFFF00033497B /* PBXTargetDependency */ = {
			isa = PBXTargetDependency;
			target = 0E4F79F92B8CFFEF0033497B /* MiniSamchunExtension */;
			targetProxy = 0E4F7A0C2B8CFFF00033497B /* PBXContainerItemProxy */;
		};
		0EB04B6F2AA6D17A00DC0933 /* PBXTargetDependency */ = {
			isa = PBXTargetDependency;
			target = 0EB04B5C2AA6D17900DC0933 /* NalssiUttung */;
			targetProxy = 0EB04B6E2AA6D17A00DC0933 /* PBXContainerItemProxy */;
		};
		0EB04B792AA6D17A00DC0933 /* PBXTargetDependency */ = {
			isa = PBXTargetDependency;
			target = 0EB04B5C2AA6D17900DC0933 /* NalssiUttung */;
			targetProxy = 0EB04B782AA6D17A00DC0933 /* PBXContainerItemProxy */;
		};
/* End PBXTargetDependency section */

/* Begin XCBuildConfiguration section */
		0E4F7A102B8CFFF00033497B /* Debug */ = {
			isa = XCBuildConfiguration;
			buildSettings = {
				ASSETCATALOG_COMPILER_GENERATE_SWIFT_ASSET_SYMBOL_EXTENSIONS = YES;
				ASSETCATALOG_COMPILER_GLOBAL_ACCENT_COLOR_NAME = AccentColor;
				ASSETCATALOG_COMPILER_WIDGET_BACKGROUND_COLOR_NAME = WidgetBackground;
				CODE_SIGN_ENTITLEMENTS = MiniSamchunExtension.entitlements;
				CODE_SIGN_IDENTITY = "Apple Development";
				CODE_SIGN_STYLE = Automatic;
				CURRENT_PROJECT_VERSION = 1;
				DEVELOPMENT_TEAM = PAQ92DM7XD;
				ENABLE_USER_SCRIPT_SANDBOXING = YES;
				GCC_C_LANGUAGE_STANDARD = gnu17;
				GENERATE_INFOPLIST_FILE = YES;
				INFOPLIST_FILE = MiniSamchun/Info.plist;
				INFOPLIST_KEY_CFBundleDisplayName = MiniSamchun;
				INFOPLIST_KEY_NSHumanReadableCopyright = "";
				IPHONEOS_DEPLOYMENT_TARGET = 17.0;
				LD_RUNPATH_SEARCH_PATHS = (
					"$(inherited)",
					"@executable_path/Frameworks",
					"@executable_path/../../Frameworks",
				);
				LOCALIZATION_PREFERS_STRING_CATALOGS = YES;
				MARKETING_VERSION = 1.0;
				PRODUCT_BUNDLE_IDENTIFIER = PoTanz.NalssiUttung1.MiniSamchun;
				PRODUCT_NAME = "$(TARGET_NAME)";
				SKIP_INSTALL = YES;
				SWIFT_ACTIVE_COMPILATION_CONDITIONS = "DEBUG $(inherited)";
				SWIFT_EMIT_LOC_STRINGS = YES;
				SWIFT_VERSION = 5.0;
				TARGETED_DEVICE_FAMILY = "1,2";
			};
			name = Debug;
		};
		0E4F7A112B8CFFF00033497B /* Release */ = {
			isa = XCBuildConfiguration;
			buildSettings = {
				ASSETCATALOG_COMPILER_GENERATE_SWIFT_ASSET_SYMBOL_EXTENSIONS = YES;
				ASSETCATALOG_COMPILER_GLOBAL_ACCENT_COLOR_NAME = AccentColor;
				ASSETCATALOG_COMPILER_WIDGET_BACKGROUND_COLOR_NAME = WidgetBackground;
				CODE_SIGN_ENTITLEMENTS = MiniSamchunExtension.entitlements;
				CODE_SIGN_IDENTITY = "Apple Development";
				CODE_SIGN_STYLE = Automatic;
				CURRENT_PROJECT_VERSION = 1;
				DEVELOPMENT_TEAM = PAQ92DM7XD;
				ENABLE_USER_SCRIPT_SANDBOXING = YES;
				GCC_C_LANGUAGE_STANDARD = gnu17;
				GENERATE_INFOPLIST_FILE = YES;
				INFOPLIST_FILE = MiniSamchun/Info.plist;
				INFOPLIST_KEY_CFBundleDisplayName = MiniSamchun;
				INFOPLIST_KEY_NSHumanReadableCopyright = "";
				IPHONEOS_DEPLOYMENT_TARGET = 17.0;
				LD_RUNPATH_SEARCH_PATHS = (
					"$(inherited)",
					"@executable_path/Frameworks",
					"@executable_path/../../Frameworks",
				);
				LOCALIZATION_PREFERS_STRING_CATALOGS = YES;
				MARKETING_VERSION = 1.0;
				PRODUCT_BUNDLE_IDENTIFIER = PoTanz.NalssiUttung1.MiniSamchun;
				PRODUCT_NAME = "$(TARGET_NAME)";
				SKIP_INSTALL = YES;
				SWIFT_EMIT_LOC_STRINGS = YES;
				SWIFT_VERSION = 5.0;
				TARGETED_DEVICE_FAMILY = "1,2";
			};
			name = Release;
		};
		0EB04B7F2AA6D17A00DC0933 /* Debug */ = {
			isa = XCBuildConfiguration;
			buildSettings = {
				ALWAYS_SEARCH_USER_PATHS = NO;
				CLANG_ANALYZER_NONNULL = YES;
				CLANG_ANALYZER_NUMBER_OBJECT_CONVERSION = YES_AGGRESSIVE;
				CLANG_CXX_LANGUAGE_STANDARD = "gnu++20";
				CLANG_ENABLE_MODULES = YES;
				CLANG_ENABLE_OBJC_ARC = YES;
				CLANG_ENABLE_OBJC_WEAK = YES;
				CLANG_WARN_BLOCK_CAPTURE_AUTORELEASING = YES;
				CLANG_WARN_BOOL_CONVERSION = YES;
				CLANG_WARN_COMMA = YES;
				CLANG_WARN_CONSTANT_CONVERSION = YES;
				CLANG_WARN_DEPRECATED_OBJC_IMPLEMENTATIONS = YES;
				CLANG_WARN_DIRECT_OBJC_ISA_USAGE = YES_ERROR;
				CLANG_WARN_DOCUMENTATION_COMMENTS = YES;
				CLANG_WARN_EMPTY_BODY = YES;
				CLANG_WARN_ENUM_CONVERSION = YES;
				CLANG_WARN_INFINITE_RECURSION = YES;
				CLANG_WARN_INT_CONVERSION = YES;
				CLANG_WARN_NON_LITERAL_NULL_CONVERSION = YES;
				CLANG_WARN_OBJC_IMPLICIT_RETAIN_SELF = YES;
				CLANG_WARN_OBJC_LITERAL_CONVERSION = YES;
				CLANG_WARN_OBJC_ROOT_CLASS = YES_ERROR;
				CLANG_WARN_QUOTED_INCLUDE_IN_FRAMEWORK_HEADER = YES;
				CLANG_WARN_RANGE_LOOP_ANALYSIS = YES;
				CLANG_WARN_STRICT_PROTOTYPES = YES;
				CLANG_WARN_SUSPICIOUS_MOVE = YES;
				CLANG_WARN_UNGUARDED_AVAILABILITY = YES_AGGRESSIVE;
				CLANG_WARN_UNREACHABLE_CODE = YES;
				CLANG_WARN__DUPLICATE_METHOD_MATCH = YES;
				COPY_PHASE_STRIP = NO;
				DEBUG_INFORMATION_FORMAT = dwarf;
				ENABLE_STRICT_OBJC_MSGSEND = YES;
				ENABLE_TESTABILITY = YES;
				GCC_C_LANGUAGE_STANDARD = gnu11;
				GCC_DYNAMIC_NO_PIC = NO;
				GCC_NO_COMMON_BLOCKS = YES;
				GCC_OPTIMIZATION_LEVEL = 0;
				GCC_PREPROCESSOR_DEFINITIONS = (
					"DEBUG=1",
					"$(inherited)",
				);
				GCC_WARN_64_TO_32_BIT_CONVERSION = YES;
				GCC_WARN_ABOUT_RETURN_TYPE = YES_ERROR;
				GCC_WARN_UNDECLARED_SELECTOR = YES;
				GCC_WARN_UNINITIALIZED_AUTOS = YES_AGGRESSIVE;
				GCC_WARN_UNUSED_FUNCTION = YES;
				GCC_WARN_UNUSED_VARIABLE = YES;
				INFOPLIST_KEY_CFBundleDisplayName = "날씨삼춘";
				IPHONEOS_DEPLOYMENT_TARGET = 16.4;
				MTL_ENABLE_DEBUG_INFO = INCLUDE_SOURCE;
				MTL_FAST_MATH = YES;
				ONLY_ACTIVE_ARCH = YES;
				SDKROOT = iphoneos;
				SWIFT_ACTIVE_COMPILATION_CONDITIONS = DEBUG;
				SWIFT_OPTIMIZATION_LEVEL = "-Onone";
			};
			name = Debug;
		};
		0EB04B802AA6D17A00DC0933 /* Release */ = {
			isa = XCBuildConfiguration;
			buildSettings = {
				ALWAYS_SEARCH_USER_PATHS = NO;
				CLANG_ANALYZER_NONNULL = YES;
				CLANG_ANALYZER_NUMBER_OBJECT_CONVERSION = YES_AGGRESSIVE;
				CLANG_CXX_LANGUAGE_STANDARD = "gnu++20";
				CLANG_ENABLE_MODULES = YES;
				CLANG_ENABLE_OBJC_ARC = YES;
				CLANG_ENABLE_OBJC_WEAK = YES;
				CLANG_WARN_BLOCK_CAPTURE_AUTORELEASING = YES;
				CLANG_WARN_BOOL_CONVERSION = YES;
				CLANG_WARN_COMMA = YES;
				CLANG_WARN_CONSTANT_CONVERSION = YES;
				CLANG_WARN_DEPRECATED_OBJC_IMPLEMENTATIONS = YES;
				CLANG_WARN_DIRECT_OBJC_ISA_USAGE = YES_ERROR;
				CLANG_WARN_DOCUMENTATION_COMMENTS = YES;
				CLANG_WARN_EMPTY_BODY = YES;
				CLANG_WARN_ENUM_CONVERSION = YES;
				CLANG_WARN_INFINITE_RECURSION = YES;
				CLANG_WARN_INT_CONVERSION = YES;
				CLANG_WARN_NON_LITERAL_NULL_CONVERSION = YES;
				CLANG_WARN_OBJC_IMPLICIT_RETAIN_SELF = YES;
				CLANG_WARN_OBJC_LITERAL_CONVERSION = YES;
				CLANG_WARN_OBJC_ROOT_CLASS = YES_ERROR;
				CLANG_WARN_QUOTED_INCLUDE_IN_FRAMEWORK_HEADER = YES;
				CLANG_WARN_RANGE_LOOP_ANALYSIS = YES;
				CLANG_WARN_STRICT_PROTOTYPES = YES;
				CLANG_WARN_SUSPICIOUS_MOVE = YES;
				CLANG_WARN_UNGUARDED_AVAILABILITY = YES_AGGRESSIVE;
				CLANG_WARN_UNREACHABLE_CODE = YES;
				CLANG_WARN__DUPLICATE_METHOD_MATCH = YES;
				COPY_PHASE_STRIP = NO;
				DEBUG_INFORMATION_FORMAT = "dwarf-with-dsym";
				ENABLE_NS_ASSERTIONS = NO;
				ENABLE_STRICT_OBJC_MSGSEND = YES;
				GCC_C_LANGUAGE_STANDARD = gnu11;
				GCC_NO_COMMON_BLOCKS = YES;
				GCC_WARN_64_TO_32_BIT_CONVERSION = YES;
				GCC_WARN_ABOUT_RETURN_TYPE = YES_ERROR;
				GCC_WARN_UNDECLARED_SELECTOR = YES;
				GCC_WARN_UNINITIALIZED_AUTOS = YES_AGGRESSIVE;
				GCC_WARN_UNUSED_FUNCTION = YES;
				GCC_WARN_UNUSED_VARIABLE = YES;
				INFOPLIST_KEY_CFBundleDisplayName = "날씨삼춘";
				IPHONEOS_DEPLOYMENT_TARGET = 16.4;
				MTL_ENABLE_DEBUG_INFO = NO;
				MTL_FAST_MATH = YES;
				SDKROOT = iphoneos;
				SWIFT_COMPILATION_MODE = wholemodule;
				SWIFT_OPTIMIZATION_LEVEL = "-O";
				VALIDATE_PRODUCT = YES;
			};
			name = Release;
		};
		0EB04B822AA6D17A00DC0933 /* Debug */ = {
			isa = XCBuildConfiguration;
			buildSettings = {
				ALWAYS_EMBED_SWIFT_STANDARD_LIBRARIES = YES;
				ASSETCATALOG_COMPILER_APPICON_NAME = AppIcon;
				ASSETCATALOG_COMPILER_GLOBAL_ACCENT_COLOR_NAME = AccentColor;
				CODE_SIGN_ENTITLEMENTS = NalssiUttung/NalssiUttung.entitlements;
				CODE_SIGN_IDENTITY = "Apple Development";
				CODE_SIGN_STYLE = Automatic;
				CURRENT_PROJECT_VERSION = 1;
				DEVELOPMENT_ASSET_PATHS = "\"NalssiUttung/Preview Content\"";
				DEVELOPMENT_TEAM = PAQ92DM7XD;
				ENABLE_PREVIEWS = YES;
				GENERATE_INFOPLIST_FILE = YES;
				INFOPLIST_FILE = NalssiUttung/Info.plist;
				INFOPLIST_KEY_CFBundleDisplayName = "날씨삼춘";
				INFOPLIST_KEY_NSLocationAlwaysUsageDescription = "앱이 백그라운드에 들어가 있을 때도 위치 정보를 얻을 수 있도록 권한을 허용해 주세요.";
				INFOPLIST_KEY_NSLocationWhenInUseUsageDescription = "현재 위치 정보를 얻기 위해 권한을 허용해 주세요.";
				INFOPLIST_KEY_UIApplicationSceneManifest_Generation = YES;
				INFOPLIST_KEY_UIApplicationSupportsIndirectInputEvents = YES;
				INFOPLIST_KEY_UILaunchScreen_Generation = YES;
				INFOPLIST_KEY_UISupportedInterfaceOrientations = UIInterfaceOrientationPortrait;
				INFOPLIST_KEY_UIUserInterfaceStyle = Light;
				LD_RUNPATH_SEARCH_PATHS = (
					"$(inherited)",
					"@executable_path/Frameworks",
				);
				MARKETING_VERSION = 1.0.2;
				PRODUCT_BUNDLE_IDENTIFIER = PoTanz.NalssiUttung1;
				PRODUCT_NAME = "$(TARGET_NAME)";
				PROVISIONING_PROFILE_SPECIFIER = "";
				SUPPORTED_PLATFORMS = "iphoneos iphonesimulator";
				SUPPORTS_MACCATALYST = NO;
				SUPPORTS_MAC_DESIGNED_FOR_IPHONE_IPAD = NO;
				SWIFT_EMIT_LOC_STRINGS = YES;
				SWIFT_VERSION = 5.0;
				TARGETED_DEVICE_FAMILY = 1;
			};
			name = Debug;
		};
		0EB04B832AA6D17A00DC0933 /* Release */ = {
			isa = XCBuildConfiguration;
			buildSettings = {
				ALWAYS_EMBED_SWIFT_STANDARD_LIBRARIES = YES;
				ASSETCATALOG_COMPILER_APPICON_NAME = AppIcon;
				ASSETCATALOG_COMPILER_GLOBAL_ACCENT_COLOR_NAME = AccentColor;
				CODE_SIGN_ENTITLEMENTS = NalssiUttung/NalssiUttung.entitlements;
				CODE_SIGN_IDENTITY = "Apple Development";
				CODE_SIGN_STYLE = Automatic;
				CURRENT_PROJECT_VERSION = 1;
				DEVELOPMENT_ASSET_PATHS = "\"NalssiUttung/Preview Content\"";
				DEVELOPMENT_TEAM = PAQ92DM7XD;
				ENABLE_PREVIEWS = YES;
				GENERATE_INFOPLIST_FILE = YES;
				INFOPLIST_FILE = NalssiUttung/Info.plist;
				INFOPLIST_KEY_CFBundleDisplayName = "날씨삼춘";
				INFOPLIST_KEY_NSLocationAlwaysUsageDescription = "앱이 백그라운드에 들어가 있을 때도 위치 정보를 얻을 수 있도록 권한을 허용해 주세요.";
				INFOPLIST_KEY_NSLocationWhenInUseUsageDescription = "현재 위치 정보를 얻기 위해 권한을 허용해 주세요.";
				INFOPLIST_KEY_UIApplicationSceneManifest_Generation = YES;
				INFOPLIST_KEY_UIApplicationSupportsIndirectInputEvents = YES;
				INFOPLIST_KEY_UILaunchScreen_Generation = YES;
				INFOPLIST_KEY_UISupportedInterfaceOrientations = UIInterfaceOrientationPortrait;
				INFOPLIST_KEY_UIUserInterfaceStyle = Light;
				LD_RUNPATH_SEARCH_PATHS = (
					"$(inherited)",
					"@executable_path/Frameworks",
				);
				MARKETING_VERSION = 1.0.2;
				PRODUCT_BUNDLE_IDENTIFIER = PoTanz.NalssiUttung1;
				PRODUCT_NAME = "$(TARGET_NAME)";
				PROVISIONING_PROFILE_SPECIFIER = "";
				SUPPORTED_PLATFORMS = "iphoneos iphonesimulator";
				SUPPORTS_MACCATALYST = NO;
				SUPPORTS_MAC_DESIGNED_FOR_IPHONE_IPAD = NO;
				SWIFT_EMIT_LOC_STRINGS = YES;
				SWIFT_VERSION = 5.0;
				TARGETED_DEVICE_FAMILY = 1;
			};
			name = Release;
		};
		0EB04B852AA6D17A00DC0933 /* Debug */ = {
			isa = XCBuildConfiguration;
			buildSettings = {
				ALWAYS_EMBED_SWIFT_STANDARD_LIBRARIES = YES;
				BUNDLE_LOADER = "$(TEST_HOST)";
				CODE_SIGN_STYLE = Automatic;
				CURRENT_PROJECT_VERSION = 1;
				DEVELOPMENT_TEAM = PAQ92DM7XD;
				GENERATE_INFOPLIST_FILE = YES;
				IPHONEOS_DEPLOYMENT_TARGET = 16.4;
				MARKETING_VERSION = 1.0;
				PRODUCT_BUNDLE_IDENTIFIER = PoTanz.NalssiUttungTests;
				PRODUCT_NAME = "$(TARGET_NAME)";
				SWIFT_EMIT_LOC_STRINGS = NO;
				SWIFT_VERSION = 5.0;
				TARGETED_DEVICE_FAMILY = "1,2";
				TEST_HOST = "$(BUILT_PRODUCTS_DIR)/NalssiUttung.app/$(BUNDLE_EXECUTABLE_FOLDER_PATH)/NalssiUttung";
			};
			name = Debug;
		};
		0EB04B862AA6D17A00DC0933 /* Release */ = {
			isa = XCBuildConfiguration;
			buildSettings = {
				ALWAYS_EMBED_SWIFT_STANDARD_LIBRARIES = YES;
				BUNDLE_LOADER = "$(TEST_HOST)";
				CODE_SIGN_STYLE = Automatic;
				CURRENT_PROJECT_VERSION = 1;
				DEVELOPMENT_TEAM = PAQ92DM7XD;
				GENERATE_INFOPLIST_FILE = YES;
				IPHONEOS_DEPLOYMENT_TARGET = 16.4;
				MARKETING_VERSION = 1.0;
				PRODUCT_BUNDLE_IDENTIFIER = PoTanz.NalssiUttungTests;
				PRODUCT_NAME = "$(TARGET_NAME)";
				SWIFT_EMIT_LOC_STRINGS = NO;
				SWIFT_VERSION = 5.0;
				TARGETED_DEVICE_FAMILY = "1,2";
				TEST_HOST = "$(BUILT_PRODUCTS_DIR)/NalssiUttung.app/$(BUNDLE_EXECUTABLE_FOLDER_PATH)/NalssiUttung";
			};
			name = Release;
		};
		0EB04B882AA6D17A00DC0933 /* Debug */ = {
			isa = XCBuildConfiguration;
			buildSettings = {
				ALWAYS_EMBED_SWIFT_STANDARD_LIBRARIES = YES;
				CODE_SIGN_STYLE = Automatic;
				CURRENT_PROJECT_VERSION = 1;
				DEVELOPMENT_TEAM = PAQ92DM7XD;
				GENERATE_INFOPLIST_FILE = YES;
				MARKETING_VERSION = 1.0;
				PRODUCT_BUNDLE_IDENTIFIER = PoTanz.NalssiUttungUITests;
				PRODUCT_NAME = "$(TARGET_NAME)";
				SWIFT_EMIT_LOC_STRINGS = NO;
				SWIFT_VERSION = 5.0;
				TARGETED_DEVICE_FAMILY = "1,2";
				TEST_TARGET_NAME = NalssiUttung;
			};
			name = Debug;
		};
		0EB04B892AA6D17A00DC0933 /* Release */ = {
			isa = XCBuildConfiguration;
			buildSettings = {
				ALWAYS_EMBED_SWIFT_STANDARD_LIBRARIES = YES;
				CODE_SIGN_STYLE = Automatic;
				CURRENT_PROJECT_VERSION = 1;
				DEVELOPMENT_TEAM = PAQ92DM7XD;
				GENERATE_INFOPLIST_FILE = YES;
				MARKETING_VERSION = 1.0;
				PRODUCT_BUNDLE_IDENTIFIER = PoTanz.NalssiUttungUITests;
				PRODUCT_NAME = "$(TARGET_NAME)";
				SWIFT_EMIT_LOC_STRINGS = NO;
				SWIFT_VERSION = 5.0;
				TARGETED_DEVICE_FAMILY = "1,2";
				TEST_TARGET_NAME = NalssiUttung;
			};
			name = Release;
		};
/* End XCBuildConfiguration section */

/* Begin XCConfigurationList section */
		0E4F7A0F2B8CFFF00033497B /* Build configuration list for PBXNativeTarget "MiniSamchunExtension" */ = {
			isa = XCConfigurationList;
			buildConfigurations = (
				0E4F7A102B8CFFF00033497B /* Debug */,
				0E4F7A112B8CFFF00033497B /* Release */,
			);
			defaultConfigurationIsVisible = 0;
			defaultConfigurationName = Release;
		};
		0EB04B582AA6D17900DC0933 /* Build configuration list for PBXProject "NalssiUttung" */ = {
			isa = XCConfigurationList;
			buildConfigurations = (
				0EB04B7F2AA6D17A00DC0933 /* Debug */,
				0EB04B802AA6D17A00DC0933 /* Release */,
			);
			defaultConfigurationIsVisible = 0;
			defaultConfigurationName = Release;
		};
		0EB04B812AA6D17A00DC0933 /* Build configuration list for PBXNativeTarget "NalssiUttung" */ = {
			isa = XCConfigurationList;
			buildConfigurations = (
				0EB04B822AA6D17A00DC0933 /* Debug */,
				0EB04B832AA6D17A00DC0933 /* Release */,
			);
			defaultConfigurationIsVisible = 0;
			defaultConfigurationName = Release;
		};
		0EB04B842AA6D17A00DC0933 /* Build configuration list for PBXNativeTarget "NalssiUttungTests" */ = {
			isa = XCConfigurationList;
			buildConfigurations = (
				0EB04B852AA6D17A00DC0933 /* Debug */,
				0EB04B862AA6D17A00DC0933 /* Release */,
			);
			defaultConfigurationIsVisible = 0;
			defaultConfigurationName = Release;
		};
		0EB04B872AA6D17A00DC0933 /* Build configuration list for PBXNativeTarget "NalssiUttungUITests" */ = {
			isa = XCConfigurationList;
			buildConfigurations = (
				0EB04B882AA6D17A00DC0933 /* Debug */,
				0EB04B892AA6D17A00DC0933 /* Release */,
			);
			defaultConfigurationIsVisible = 0;
			defaultConfigurationName = Release;
		};
/* End XCConfigurationList section */

/* Begin XCRemoteSwiftPackageReference section */
		031F38D72AFBB8B6002E2EAD /* XCRemoteSwiftPackageReference "Gifu" */ = {
			isa = XCRemoteSwiftPackageReference;
			repositoryURL = "https://github.com/kaishin/Gifu.git";
			requirement = {
				kind = upToNextMajorVersion;
				minimumVersion = 3.2.2;
			};
		};
		0E7B8A7E2ACC56D6006E1F5E /* XCRemoteSwiftPackageReference "ScrollKit" */ = {
			isa = XCRemoteSwiftPackageReference;
			repositoryURL = "https://github.com/danielsaidi/ScrollKit.git";
			requirement = {
				kind = upToNextMajorVersion;
				minimumVersion = 0.3.0;
			};
		};
/* End XCRemoteSwiftPackageReference section */

/* Begin XCSwiftPackageProductDependency section */
		031F38D82AFBB8B6002E2EAD /* Gifu */ = {
			isa = XCSwiftPackageProductDependency;
			package = 031F38D72AFBB8B6002E2EAD /* XCRemoteSwiftPackageReference "Gifu" */;
			productName = Gifu;
		};
		0E7B8A7F2ACC56D6006E1F5E /* ScrollKit */ = {
			isa = XCSwiftPackageProductDependency;
			package = 0E7B8A7E2ACC56D6006E1F5E /* XCRemoteSwiftPackageReference "ScrollKit" */;
			productName = ScrollKit;
		};
/* End XCSwiftPackageProductDependency section */
	};
	rootObject = 0EB04B552AA6D17900DC0933 /* Project object */;
}
