// !$*UTF8*$!
{
	archiveVersion = 1;
	classes = {
	};
	objectVersion = 56;
	objects = {

/* Begin PBXBuildFile section */
		036CA6782AB4C3540056C453 /* DailyWeatherView.swift in Sources */ = {isa = PBXBuildFile; fileRef = 036CA6772AB4C3540056C453 /* DailyWeatherView.swift */; };
		036CA6932AB8C54F0056C453 /* DetailedWeatherView.swift in Sources */ = {isa = PBXBuildFile; fileRef = 036CA6922AB8C54F0056C453 /* DetailedWeatherView.swift */; };
		036CA69D2AB9598F0056C453 /* WeeklyWeatherView.swift in Sources */ = {isa = PBXBuildFile; fileRef = 036CA69C2AB9598F0056C453 /* WeeklyWeatherView.swift */; };
		03B2F45A2AAF3CCB005A5AD4 /* Color+Palette.swift in Sources */ = {isa = PBXBuildFile; fileRef = 03B2F4592AAF3CCB005A5AD4 /* Color+Palette.swift */; };
		03B2F4632AB08EB7005A5AD4 /* RealTimeWeather.swift in Sources */ = {isa = PBXBuildFile; fileRef = 03B2F4622AB08EB7005A5AD4 /* RealTimeWeather.swift */; };
		03B2F46A2AB09F08005A5AD4 /* Font+.swift in Sources */ = {isa = PBXBuildFile; fileRef = 03B2F4692AB09F08005A5AD4 /* Font+.swift */; };
		03B2F46D2AB09FAA005A5AD4 /* IMHyemin-Bold.otf in Resources */ = {isa = PBXBuildFile; fileRef = 03B2F46C2AB09FAA005A5AD4 /* IMHyemin-Bold.otf */; };
		03B2F46F2AB09FD3005A5AD4 /* Pretendard-SemiBold.otf in Resources */ = {isa = PBXBuildFile; fileRef = 03B2F46E2AB09FD3005A5AD4 /* Pretendard-SemiBold.otf */; };
		03B2F4712AB09FDD005A5AD4 /* Pretendard-Medium.otf in Resources */ = {isa = PBXBuildFile; fileRef = 03B2F4702AB09FDD005A5AD4 /* Pretendard-Medium.otf */; };
		03DD90152AEFCFF100AA072C /* LocationStore.swift in Sources */ = {isa = PBXBuildFile; fileRef = 03DD90142AEFCFF100AA072C /* LocationStore.swift */; };
		0E7B8A7D2ACC3C52006E1F5E /* View+.swift in Sources */ = {isa = PBXBuildFile; fileRef = 0E7B8A7C2ACC3C52006E1F5E /* View+.swift */; };
		0E7B8A802ACC56D6006E1F5E /* ScrollKit in Frameworks */ = {isa = PBXBuildFile; productRef = 0E7B8A7F2ACC56D6006E1F5E /* ScrollKit */; };
		0E7B8A822ACC7111006E1F5E /* MainScrolledView.swift in Sources */ = {isa = PBXBuildFile; fileRef = 0E7B8A812ACC7111006E1F5E /* MainScrolledView.swift */; };
		0E7B8A842ACC7384006E1F5E /* RealTimeWeatherView.swift in Sources */ = {isa = PBXBuildFile; fileRef = 0E7B8A832ACC7384006E1F5E /* RealTimeWeatherView.swift */; };
		0E7DD5CD2AC95F3C00DE28D3 /* MainView.swift in Sources */ = {isa = PBXBuildFile; fileRef = 0E7DD5CC2AC95F3C00DE28D3 /* MainView.swift */; };
		0E868C262AD4A8BB007D28F8 /* Weather+.swift in Sources */ = {isa = PBXBuildFile; fileRef = 0E868C252AD4A8BB007D28F8 /* Weather+.swift */; };
		0EB04B612AA6D17900DC0933 /* NalssiUttungApp.swift in Sources */ = {isa = PBXBuildFile; fileRef = 0EB04B602AA6D17900DC0933 /* NalssiUttungApp.swift */; };
		0EB04B632AA6D17900DC0933 /* ContentView.swift in Sources */ = {isa = PBXBuildFile; fileRef = 0EB04B622AA6D17900DC0933 /* ContentView.swift */; };
		0EB04B652AA6D17A00DC0933 /* Assets.xcassets in Resources */ = {isa = PBXBuildFile; fileRef = 0EB04B642AA6D17A00DC0933 /* Assets.xcassets */; };
		0EB04B682AA6D17A00DC0933 /* Preview Assets.xcassets in Resources */ = {isa = PBXBuildFile; fileRef = 0EB04B672AA6D17A00DC0933 /* Preview Assets.xcassets */; };
		0EB04B722AA6D17A00DC0933 /* NalssiUttungTests.swift in Sources */ = {isa = PBXBuildFile; fileRef = 0EB04B712AA6D17A00DC0933 /* NalssiUttungTests.swift */; };
		0EB04B7C2AA6D17A00DC0933 /* NalssiUttungUITests.swift in Sources */ = {isa = PBXBuildFile; fileRef = 0EB04B7B2AA6D17A00DC0933 /* NalssiUttungUITests.swift */; };
		0EB04B7E2AA6D17A00DC0933 /* NalssiUttungUITestsLaunchTests.swift in Sources */ = {isa = PBXBuildFile; fileRef = 0EB04B7D2AA6D17A00DC0933 /* NalssiUttungUITestsLaunchTests.swift */; };
		0EE65AEA2AB6D5AD0038A32F /* LocationManager.swift in Sources */ = {isa = PBXBuildFile; fileRef = 0EE65AE92AB6D5AD0038A32F /* LocationManager.swift */; };
		0EE65AEC2AB6DC690038A32F /* WeatherManager.swift in Sources */ = {isa = PBXBuildFile; fileRef = 0EE65AEB2AB6DC690038A32F /* WeatherManager.swift */; };
		7C0D1BDD2AAB7E7400A8BCFF /* LocationCard.swift in Sources */ = {isa = PBXBuildFile; fileRef = 7C0D1BDC2AAB7E7400A8BCFF /* LocationCard.swift */; };
		7C7E8A052AD57CF000EE5260 /* LocationListViewModel.swift in Sources */ = {isa = PBXBuildFile; fileRef = 7C7E8A042AD57CF000EE5260 /* LocationListViewModel.swift */; };
		7C7E8A072AD5867F00EE5260 /* CardModalView.swift in Sources */ = {isa = PBXBuildFile; fileRef = 7C7E8A062AD5867F00EE5260 /* CardModalView.swift */; };
		7CA773DD2AA7949800D70BD3 /* .swiftlint.yml in Resources */ = {isa = PBXBuildFile; fileRef = 7CA773DC2AA7949800D70BD3 /* .swiftlint.yml */; };
		7CA9A3C82AAF56FF0051CC25 /* NavigationBar.swift in Sources */ = {isa = PBXBuildFile; fileRef = 7CA9A3C72AAF56FF0051CC25 /* NavigationBar.swift */; };
		7CA9A3CD2AAF60110051CC25 /* LocationListView.swift in Sources */ = {isa = PBXBuildFile; fileRef = 7CA9A3CC2AAF60110051CC25 /* LocationListView.swift */; };
/* End PBXBuildFile section */

/* Begin PBXContainerItemProxy section */
		0EB04B6E2AA6D17A00DC0933 /* PBXContainerItemProxy */ = {
			isa = PBXContainerItemProxy;
			containerPortal = 0EB04B552AA6D17900DC0933 /* Project object */;
			proxyType = 1;
			remoteGlobalIDString = 0EB04B5C2AA6D17900DC0933;
			remoteInfo = NalssiUttung;
		};
		0EB04B782AA6D17A00DC0933 /* PBXContainerItemProxy */ = {
			isa = PBXContainerItemProxy;
			containerPortal = 0EB04B552AA6D17900DC0933 /* Project object */;
			proxyType = 1;
			remoteGlobalIDString = 0EB04B5C2AA6D17900DC0933;
			remoteInfo = NalssiUttung;
		};
/* End PBXContainerItemProxy section */

/* Begin PBXFileReference section */
		036CA6772AB4C3540056C453 /* DailyWeatherView.swift */ = {isa = PBXFileReference; lastKnownFileType = sourcecode.swift; path = DailyWeatherView.swift; sourceTree = "<group>"; };
		036CA6922AB8C54F0056C453 /* DetailedWeatherView.swift */ = {isa = PBXFileReference; lastKnownFileType = sourcecode.swift; path = DetailedWeatherView.swift; sourceTree = "<group>"; };
		036CA69C2AB9598F0056C453 /* WeeklyWeatherView.swift */ = {isa = PBXFileReference; lastKnownFileType = sourcecode.swift; path = WeeklyWeatherView.swift; sourceTree = "<group>"; };
		03B2F4592AAF3CCB005A5AD4 /* Color+Palette.swift */ = {isa = PBXFileReference; lastKnownFileType = sourcecode.swift; path = "Color+Palette.swift"; sourceTree = "<group>"; };
		03B2F4622AB08EB7005A5AD4 /* RealTimeWeather.swift */ = {isa = PBXFileReference; lastKnownFileType = sourcecode.swift; path = RealTimeWeather.swift; sourceTree = "<group>"; };
		03B2F4692AB09F08005A5AD4 /* Font+.swift */ = {isa = PBXFileReference; lastKnownFileType = sourcecode.swift; path = "Font+.swift"; sourceTree = "<group>"; };
		03B2F46C2AB09FAA005A5AD4 /* IMHyemin-Bold.otf */ = {isa = PBXFileReference; lastKnownFileType = file; path = "IMHyemin-Bold.otf"; sourceTree = "<group>"; };
		03B2F46E2AB09FD3005A5AD4 /* Pretendard-SemiBold.otf */ = {isa = PBXFileReference; lastKnownFileType = file; path = "Pretendard-SemiBold.otf"; sourceTree = "<group>"; };
		03B2F4702AB09FDD005A5AD4 /* Pretendard-Medium.otf */ = {isa = PBXFileReference; lastKnownFileType = file; path = "Pretendard-Medium.otf"; sourceTree = "<group>"; };
		03B2F4722AB0A063005A5AD4 /* Info.plist */ = {isa = PBXFileReference; lastKnownFileType = text.plist; path = Info.plist; sourceTree = "<group>"; };
		03DD90142AEFCFF100AA072C /* LocationStore.swift */ = {isa = PBXFileReference; lastKnownFileType = sourcecode.swift; path = LocationStore.swift; sourceTree = "<group>"; };
		0E7B8A7C2ACC3C52006E1F5E /* View+.swift */ = {isa = PBXFileReference; lastKnownFileType = sourcecode.swift; path = "View+.swift"; sourceTree = "<group>"; };
		0E7B8A812ACC7111006E1F5E /* MainScrolledView.swift */ = {isa = PBXFileReference; lastKnownFileType = sourcecode.swift; path = MainScrolledView.swift; sourceTree = "<group>"; };
		0E7B8A832ACC7384006E1F5E /* RealTimeWeatherView.swift */ = {isa = PBXFileReference; lastKnownFileType = sourcecode.swift; path = RealTimeWeatherView.swift; sourceTree = "<group>"; };
		0E7DD5CC2AC95F3C00DE28D3 /* MainView.swift */ = {isa = PBXFileReference; lastKnownFileType = sourcecode.swift; path = MainView.swift; sourceTree = "<group>"; };
		0E868C252AD4A8BB007D28F8 /* Weather+.swift */ = {isa = PBXFileReference; lastKnownFileType = sourcecode.swift; path = "Weather+.swift"; sourceTree = "<group>"; };
		0EB04B5D2AA6D17900DC0933 /* NalssiUttung.app */ = {isa = PBXFileReference; explicitFileType = wrapper.application; includeInIndex = 0; path = NalssiUttung.app; sourceTree = BUILT_PRODUCTS_DIR; };
		0EB04B602AA6D17900DC0933 /* NalssiUttungApp.swift */ = {isa = PBXFileReference; lastKnownFileType = sourcecode.swift; path = NalssiUttungApp.swift; sourceTree = "<group>"; };
		0EB04B622AA6D17900DC0933 /* ContentView.swift */ = {isa = PBXFileReference; lastKnownFileType = sourcecode.swift; path = ContentView.swift; sourceTree = "<group>"; };
		0EB04B642AA6D17A00DC0933 /* Assets.xcassets */ = {isa = PBXFileReference; lastKnownFileType = folder.assetcatalog; path = Assets.xcassets; sourceTree = "<group>"; };
		0EB04B672AA6D17A00DC0933 /* Preview Assets.xcassets */ = {isa = PBXFileReference; lastKnownFileType = folder.assetcatalog; path = "Preview Assets.xcassets"; sourceTree = "<group>"; };
		0EB04B6D2AA6D17A00DC0933 /* NalssiUttungTests.xctest */ = {isa = PBXFileReference; explicitFileType = wrapper.cfbundle; includeInIndex = 0; path = NalssiUttungTests.xctest; sourceTree = BUILT_PRODUCTS_DIR; };
		0EB04B712AA6D17A00DC0933 /* NalssiUttungTests.swift */ = {isa = PBXFileReference; lastKnownFileType = sourcecode.swift; path = NalssiUttungTests.swift; sourceTree = "<group>"; };
		0EB04B772AA6D17A00DC0933 /* NalssiUttungUITests.xctest */ = {isa = PBXFileReference; explicitFileType = wrapper.cfbundle; includeInIndex = 0; path = NalssiUttungUITests.xctest; sourceTree = BUILT_PRODUCTS_DIR; };
		0EB04B7B2AA6D17A00DC0933 /* NalssiUttungUITests.swift */ = {isa = PBXFileReference; lastKnownFileType = sourcecode.swift; path = NalssiUttungUITests.swift; sourceTree = "<group>"; };
		0EB04B7D2AA6D17A00DC0933 /* NalssiUttungUITestsLaunchTests.swift */ = {isa = PBXFileReference; lastKnownFileType = sourcecode.swift; path = NalssiUttungUITestsLaunchTests.swift; sourceTree = "<group>"; };
		0EE65AE92AB6D5AD0038A32F /* LocationManager.swift */ = {isa = PBXFileReference; lastKnownFileType = sourcecode.swift; path = LocationManager.swift; sourceTree = "<group>"; };
		0EE65AEB2AB6DC690038A32F /* WeatherManager.swift */ = {isa = PBXFileReference; lastKnownFileType = sourcecode.swift; path = WeatherManager.swift; sourceTree = "<group>"; };
		0EE65AED2AB6DC750038A32F /* NalssiUttung.entitlements */ = {isa = PBXFileReference; lastKnownFileType = text.plist.entitlements; path = NalssiUttung.entitlements; sourceTree = "<group>"; };
		7C0D1BDC2AAB7E7400A8BCFF /* LocationCard.swift */ = {isa = PBXFileReference; lastKnownFileType = sourcecode.swift; path = LocationCard.swift; sourceTree = "<group>"; };
		7C7E8A042AD57CF000EE5260 /* LocationListViewModel.swift */ = {isa = PBXFileReference; lastKnownFileType = sourcecode.swift; path = LocationListViewModel.swift; sourceTree = "<group>"; };
		7C7E8A062AD5867F00EE5260 /* CardModalView.swift */ = {isa = PBXFileReference; lastKnownFileType = sourcecode.swift; path = CardModalView.swift; sourceTree = "<group>"; };
		7CA773DC2AA7949800D70BD3 /* .swiftlint.yml */ = {isa = PBXFileReference; lastKnownFileType = text.yaml; path = .swiftlint.yml; sourceTree = "<group>"; };
		7CA9A3C72AAF56FF0051CC25 /* NavigationBar.swift */ = {isa = PBXFileReference; lastKnownFileType = sourcecode.swift; path = NavigationBar.swift; sourceTree = "<group>"; };
		7CA9A3CC2AAF60110051CC25 /* LocationListView.swift */ = {isa = PBXFileReference; lastKnownFileType = sourcecode.swift; path = LocationListView.swift; sourceTree = "<group>"; };
/* End PBXFileReference section */

/* Begin PBXFrameworksBuildPhase section */
		0EB04B5A2AA6D17900DC0933 /* Frameworks */ = {
			isa = PBXFrameworksBuildPhase;
			buildActionMask = 2147483647;
			files = (
				0E7B8A802ACC56D6006E1F5E /* ScrollKit in Frameworks */,
			);
			runOnlyForDeploymentPostprocessing = 0;
		};
		0EB04B6A2AA6D17A00DC0933 /* Frameworks */ = {
			isa = PBXFrameworksBuildPhase;
			buildActionMask = 2147483647;
			files = (
			);
			runOnlyForDeploymentPostprocessing = 0;
		};
		0EB04B742AA6D17A00DC0933 /* Frameworks */ = {
			isa = PBXFrameworksBuildPhase;
			buildActionMask = 2147483647;
			files = (
			);
			runOnlyForDeploymentPostprocessing = 0;
		};
/* End PBXFrameworksBuildPhase section */

/* Begin PBXGroup section */
		03B2F45B2AAF3DDA005A5AD4 /* Extension */ = {
			isa = PBXGroup;
			children = (
				03B2F4592AAF3CCB005A5AD4 /* Color+Palette.swift */,
				03B2F4692AB09F08005A5AD4 /* Font+.swift */,
				0E7B8A7C2ACC3C52006E1F5E /* View+.swift */,
				0E868C252AD4A8BB007D28F8 /* Weather+.swift */,
			);
			path = Extension;
			sourceTree = "<group>";
		};
		03B2F46B2AB09F89005A5AD4 /* Resources */ = {
			isa = PBXGroup;
			children = (
				03B2F46C2AB09FAA005A5AD4 /* IMHyemin-Bold.otf */,
				03B2F46E2AB09FD3005A5AD4 /* Pretendard-SemiBold.otf */,
				03B2F4702AB09FDD005A5AD4 /* Pretendard-Medium.otf */,
			);
			path = Resources;
			sourceTree = "<group>";
		};
		0EB04B542AA6D17900DC0933 = {
			isa = PBXGroup;
			children = (
				7CA773DC2AA7949800D70BD3 /* .swiftlint.yml */,
				0EB04B602AA6D17900DC0933 /* NalssiUttungApp.swift */,
				0EB04B5F2AA6D17900DC0933 /* NalssiUttung */,
				0EB04B702AA6D17A00DC0933 /* NalssiUttungTests */,
				0EB04B7A2AA6D17A00DC0933 /* NalssiUttungUITests */,
				0EB04B5E2AA6D17900DC0933 /* Products */,
			);
			sourceTree = "<group>";
		};
		0EB04B5E2AA6D17900DC0933 /* Products */ = {
			isa = PBXGroup;
			children = (
				0EB04B5D2AA6D17900DC0933 /* NalssiUttung.app */,
				0EB04B6D2AA6D17A00DC0933 /* NalssiUttungTests.xctest */,
				0EB04B772AA6D17A00DC0933 /* NalssiUttungUITests.xctest */,
			);
			name = Products;
			sourceTree = "<group>";
		};
		0EB04B5F2AA6D17900DC0933 /* NalssiUttung */ = {
			isa = PBXGroup;
			children = (
				0EE65AED2AB6DC750038A32F /* NalssiUttung.entitlements */,
				0EE65AE82AB6D5A10038A32F /* Manager */,
				7CA9A3CF2AAF64EB0051CC25 /* Model */,
				7C0D1BD82AAB7E2E00A8BCFF /* Views */,
				03B2F4722AB0A063005A5AD4 /* Info.plist */,
				0EB04B642AA6D17A00DC0933 /* Assets.xcassets */,
				03B2F45B2AAF3DDA005A5AD4 /* Extension */,
				03B2F46B2AB09F89005A5AD4 /* Resources */,
				0EB04B662AA6D17A00DC0933 /* Preview Content */,
			);
			path = NalssiUttung;
			sourceTree = "<group>";
		};
		0EB04B662AA6D17A00DC0933 /* Preview Content */ = {
			isa = PBXGroup;
			children = (
				0EB04B672AA6D17A00DC0933 /* Preview Assets.xcassets */,
			);
			path = "Preview Content";
			sourceTree = "<group>";
		};
		0EB04B702AA6D17A00DC0933 /* NalssiUttungTests */ = {
			isa = PBXGroup;
			children = (
				0EB04B712AA6D17A00DC0933 /* NalssiUttungTests.swift */,
			);
			path = NalssiUttungTests;
			sourceTree = "<group>";
		};
		0EB04B7A2AA6D17A00DC0933 /* NalssiUttungUITests */ = {
			isa = PBXGroup;
			children = (
				0EB04B7B2AA6D17A00DC0933 /* NalssiUttungUITests.swift */,
				0EB04B7D2AA6D17A00DC0933 /* NalssiUttungUITestsLaunchTests.swift */,
			);
			path = NalssiUttungUITests;
			sourceTree = "<group>";
		};
		0EE65AE82AB6D5A10038A32F /* Manager */ = {
			isa = PBXGroup;
			children = (
				0EE65AE92AB6D5AD0038A32F /* LocationManager.swift */,
				0EE65AEB2AB6DC690038A32F /* WeatherManager.swift */,
			);
			path = Manager;
			sourceTree = "<group>";
		};
		7C0D1BD82AAB7E2E00A8BCFF /* Views */ = {
			isa = PBXGroup;
			children = (
				0EB04B622AA6D17900DC0933 /* ContentView.swift */,
				7CA9A3C72AAF56FF0051CC25 /* NavigationBar.swift */,
				7C0D1BDC2AAB7E7400A8BCFF /* LocationCard.swift */,
				7CA9A3CC2AAF60110051CC25 /* LocationListView.swift */,
				036CA6772AB4C3540056C453 /* DailyWeatherView.swift */,
				036CA69C2AB9598F0056C453 /* WeeklyWeatherView.swift */,
				036CA6922AB8C54F0056C453 /* DetailedWeatherView.swift */,
				0E7DD5CC2AC95F3C00DE28D3 /* MainView.swift */,
				0E7B8A812ACC7111006E1F5E /* MainScrolledView.swift */,
				7C7E8A062AD5867F00EE5260 /* CardModalView.swift */,
				0E7B8A832ACC7384006E1F5E /* RealTimeWeatherView.swift */,
			);
			path = Views;
			sourceTree = "<group>";
		};
		7CA9A3CF2AAF64EB0051CC25 /* Model */ = {
			isa = PBXGroup;
			children = (
				03B2F4622AB08EB7005A5AD4 /* RealTimeWeather.swift */,
				7C7E8A042AD57CF000EE5260 /* LocationListViewModel.swift */,
				03DD90142AEFCFF100AA072C /* LocationStore.swift */,
			);
			path = Model;
			sourceTree = "<group>";
		};
/* End PBXGroup section */

/* Begin PBXNativeTarget section */
		0EB04B5C2AA6D17900DC0933 /* NalssiUttung */ = {
			isa = PBXNativeTarget;
			buildConfigurationList = 0EB04B812AA6D17A00DC0933 /* Build configuration list for PBXNativeTarget "NalssiUttung" */;
			buildPhases = (
				0EB04B592AA6D17900DC0933 /* Sources */,
				0EB04B5A2AA6D17900DC0933 /* Frameworks */,
				0EB04B5B2AA6D17900DC0933 /* Resources */,
				7CA773DB2AA7941D00D70BD3 /* ShellScript */,
			);
			buildRules = (
			);
			dependencies = (
			);
			name = NalssiUttung;
			packageProductDependencies = (
				0E7B8A7F2ACC56D6006E1F5E /* ScrollKit */,
			);
			productName = NalssiUttung;
			productReference = 0EB04B5D2AA6D17900DC0933 /* NalssiUttung.app */;
			productType = "com.apple.product-type.application";
		};
		0EB04B6C2AA6D17A00DC0933 /* NalssiUttungTests */ = {
			isa = PBXNativeTarget;
			buildConfigurationList = 0EB04B842AA6D17A00DC0933 /* Build configuration list for PBXNativeTarget "NalssiUttungTests" */;
			buildPhases = (
				0EB04B692AA6D17A00DC0933 /* Sources */,
				0EB04B6A2AA6D17A00DC0933 /* Frameworks */,
				0EB04B6B2AA6D17A00DC0933 /* Resources */,
			);
			buildRules = (
			);
			dependencies = (
				0EB04B6F2AA6D17A00DC0933 /* PBXTargetDependency */,
			);
			name = NalssiUttungTests;
			productName = NalssiUttungTests;
			productReference = 0EB04B6D2AA6D17A00DC0933 /* NalssiUttungTests.xctest */;
			productType = "com.apple.product-type.bundle.unit-test";
		};
		0EB04B762AA6D17A00DC0933 /* NalssiUttungUITests */ = {
			isa = PBXNativeTarget;
			buildConfigurationList = 0EB04B872AA6D17A00DC0933 /* Build configuration list for PBXNativeTarget "NalssiUttungUITests" */;
			buildPhases = (
				0EB04B732AA6D17A00DC0933 /* Sources */,
				0EB04B742AA6D17A00DC0933 /* Frameworks */,
				0EB04B752AA6D17A00DC0933 /* Resources */,
			);
			buildRules = (
			);
			dependencies = (
				0EB04B792AA6D17A00DC0933 /* PBXTargetDependency */,
			);
			name = NalssiUttungUITests;
			productName = NalssiUttungUITests;
			productReference = 0EB04B772AA6D17A00DC0933 /* NalssiUttungUITests.xctest */;
			productType = "com.apple.product-type.bundle.ui-testing";
		};
/* End PBXNativeTarget section */

/* Begin PBXProject section */
		0EB04B552AA6D17900DC0933 /* Project object */ = {
			isa = PBXProject;
			attributes = {
				BuildIndependentTargetsInParallel = 1;
				LastSwiftUpdateCheck = 1430;
				LastUpgradeCheck = 1430;
				TargetAttributes = {
					0EB04B5C2AA6D17900DC0933 = {
						CreatedOnToolsVersion = 14.3.1;
					};
					0EB04B6C2AA6D17A00DC0933 = {
						CreatedOnToolsVersion = 14.3.1;
						TestTargetID = 0EB04B5C2AA6D17900DC0933;
					};
					0EB04B762AA6D17A00DC0933 = {
						CreatedOnToolsVersion = 14.3.1;
						TestTargetID = 0EB04B5C2AA6D17900DC0933;
					};
				};
			};
			buildConfigurationList = 0EB04B582AA6D17900DC0933 /* Build configuration list for PBXProject "NalssiUttung" */;
			compatibilityVersion = "Xcode 14.0";
			developmentRegion = en;
			hasScannedForEncodings = 0;
			knownRegions = (
				en,
				Base,
			);
			mainGroup = 0EB04B542AA6D17900DC0933;
			packageReferences = (
				0E7B8A7E2ACC56D6006E1F5E /* XCRemoteSwiftPackageReference "ScrollKit" */,
			);
			productRefGroup = 0EB04B5E2AA6D17900DC0933 /* Products */;
			projectDirPath = "";
			projectRoot = "";
			targets = (
				0EB04B5C2AA6D17900DC0933 /* NalssiUttung */,
				0EB04B6C2AA6D17A00DC0933 /* NalssiUttungTests */,
				0EB04B762AA6D17A00DC0933 /* NalssiUttungUITests */,
			);
		};
/* End PBXProject section */

/* Begin PBXResourcesBuildPhase section */
		0EB04B5B2AA6D17900DC0933 /* Resources */ = {
			isa = PBXResourcesBuildPhase;
			buildActionMask = 2147483647;
			files = (
				7CA773DD2AA7949800D70BD3 /* .swiftlint.yml in Resources */,
				0EB04B682AA6D17A00DC0933 /* Preview Assets.xcassets in Resources */,
				03B2F46F2AB09FD3005A5AD4 /* Pretendard-SemiBold.otf in Resources */,
				03B2F46D2AB09FAA005A5AD4 /* IMHyemin-Bold.otf in Resources */,
				0EB04B652AA6D17A00DC0933 /* Assets.xcassets in Resources */,
				03B2F4712AB09FDD005A5AD4 /* Pretendard-Medium.otf in Resources */,
			);
			runOnlyForDeploymentPostprocessing = 0;
		};
		0EB04B6B2AA6D17A00DC0933 /* Resources */ = {
			isa = PBXResourcesBuildPhase;
			buildActionMask = 2147483647;
			files = (
			);
			runOnlyForDeploymentPostprocessing = 0;
		};
		0EB04B752AA6D17A00DC0933 /* Resources */ = {
			isa = PBXResourcesBuildPhase;
			buildActionMask = 2147483647;
			files = (
			);
			runOnlyForDeploymentPostprocessing = 0;
		};
/* End PBXResourcesBuildPhase section */

/* Begin PBXShellScriptBuildPhase section */
		7CA773DB2AA7941D00D70BD3 /* ShellScript */ = {
			isa = PBXShellScriptBuildPhase;
			alwaysOutOfDate = 1;
			buildActionMask = 2147483647;
			files = (
			);
			inputFileListPaths = (
			);
			inputPaths = (
			);
			outputFileListPaths = (
			);
			outputPaths = (
			);
			runOnlyForDeploymentPostprocessing = 0;
			shellPath = /bin/sh;
			shellScript = "export PATH=\"$PATH:/opt/homebrew/bin\"\nif which swiftlint > /dev/null; then\n  swiftlint\nelse\n  echo \"warning: SwiftLint not installed, download from https://github.com/realm/SwiftLint\"\nfi\n";
		};
/* End PBXShellScriptBuildPhase section */

/* Begin PBXSourcesBuildPhase section */
		0EB04B592AA6D17900DC0933 /* Sources */ = {
			isa = PBXSourcesBuildPhase;
			buildActionMask = 2147483647;
			files = (
				036CA6782AB4C3540056C453 /* DailyWeatherView.swift in Sources */,
				0E7B8A822ACC7111006E1F5E /* MainScrolledView.swift in Sources */,
				03DD90152AEFCFF100AA072C /* LocationStore.swift in Sources */,
				036CA6932AB8C54F0056C453 /* DetailedWeatherView.swift in Sources */,
				03B2F4632AB08EB7005A5AD4 /* RealTimeWeather.swift in Sources */,
				0E868C262AD4A8BB007D28F8 /* Weather+.swift in Sources */,
				0E7B8A7D2ACC3C52006E1F5E /* View+.swift in Sources */,
				0EB04B632AA6D17900DC0933 /* ContentView.swift in Sources */,
				0EE65AEC2AB6DC690038A32F /* WeatherManager.swift in Sources */,
				7CA9A3C82AAF56FF0051CC25 /* NavigationBar.swift in Sources */,
				7C0D1BDD2AAB7E7400A8BCFF /* LocationCard.swift in Sources */,
				7CA9A3CD2AAF60110051CC25 /* LocationListView.swift in Sources */,
				0EB04B612AA6D17900DC0933 /* NalssiUttungApp.swift in Sources */,
				0E7B8A842ACC7384006E1F5E /* RealTimeWeatherView.swift in Sources */,
				0E7DD5CD2AC95F3C00DE28D3 /* MainView.swift in Sources */,
				036CA69D2AB9598F0056C453 /* WeeklyWeatherView.swift in Sources */,
				03B2F45A2AAF3CCB005A5AD4 /* Color+Palette.swift in Sources */,
				7C7E8A072AD5867F00EE5260 /* CardModalView.swift in Sources */,
				03B2F46A2AB09F08005A5AD4 /* Font+.swift in Sources */,
				0EE65AEA2AB6D5AD0038A32F /* LocationManager.swift in Sources */,
				7C7E8A052AD57CF000EE5260 /* LocationListViewModel.swift in Sources */,
			);
			runOnlyForDeploymentPostprocessing = 0;
		};
		0EB04B692AA6D17A00DC0933 /* Sources */ = {
			isa = PBXSourcesBuildPhase;
			buildActionMask = 2147483647;
			files = (
				0EB04B722AA6D17A00DC0933 /* NalssiUttungTests.swift in Sources */,
			);
			runOnlyForDeploymentPostprocessing = 0;
		};
		0EB04B732AA6D17A00DC0933 /* Sources */ = {
			isa = PBXSourcesBuildPhase;
			buildActionMask = 2147483647;
			files = (
				0EB04B7C2AA6D17A00DC0933 /* NalssiUttungUITests.swift in Sources */,
				0EB04B7E2AA6D17A00DC0933 /* NalssiUttungUITestsLaunchTests.swift in Sources */,
			);
			runOnlyForDeploymentPostprocessing = 0;
		};
/* End PBXSourcesBuildPhase section */

/* Begin PBXTargetDependency section */
		0EB04B6F2AA6D17A00DC0933 /* PBXTargetDependency */ = {
			isa = PBXTargetDependency;
			target = 0EB04B5C2AA6D17900DC0933 /* NalssiUttung */;
			targetProxy = 0EB04B6E2AA6D17A00DC0933 /* PBXContainerItemProxy */;
		};
		0EB04B792AA6D17A00DC0933 /* PBXTargetDependency */ = {
			isa = PBXTargetDependency;
			target = 0EB04B5C2AA6D17900DC0933 /* NalssiUttung */;
			targetProxy = 0EB04B782AA6D17A00DC0933 /* PBXContainerItemProxy */;
		};
/* End PBXTargetDependency section */

/* Begin XCBuildConfiguration section */
		0EB04B7F2AA6D17A00DC0933 /* Debug */ = {
			isa = XCBuildConfiguration;
			buildSettings = {
				ALWAYS_SEARCH_USER_PATHS = NO;
				CLANG_ANALYZER_NONNULL = YES;
				CLANG_ANALYZER_NUMBER_OBJECT_CONVERSION = YES_AGGRESSIVE;
				CLANG_CXX_LANGUAGE_STANDARD = "gnu++20";
				CLANG_ENABLE_MODULES = YES;
				CLANG_ENABLE_OBJC_ARC = YES;
				CLANG_ENABLE_OBJC_WEAK = YES;
				CLANG_WARN_BLOCK_CAPTURE_AUTORELEASING = YES;
				CLANG_WARN_BOOL_CONVERSION = YES;
				CLANG_WARN_COMMA = YES;
				CLANG_WARN_CONSTANT_CONVERSION = YES;
				CLANG_WARN_DEPRECATED_OBJC_IMPLEMENTATIONS = YES;
				CLANG_WARN_DIRECT_OBJC_ISA_USAGE = YES_ERROR;
				CLANG_WARN_DOCUMENTATION_COMMENTS = YES;
				CLANG_WARN_EMPTY_BODY = YES;
				CLANG_WARN_ENUM_CONVERSION = YES;
				CLANG_WARN_INFINITE_RECURSION = YES;
				CLANG_WARN_INT_CONVERSION = YES;
				CLANG_WARN_NON_LITERAL_NULL_CONVERSION = YES;
				CLANG_WARN_OBJC_IMPLICIT_RETAIN_SELF = YES;
				CLANG_WARN_OBJC_LITERAL_CONVERSION = YES;
				CLANG_WARN_OBJC_ROOT_CLASS = YES_ERROR;
				CLANG_WARN_QUOTED_INCLUDE_IN_FRAMEWORK_HEADER = YES;
				CLANG_WARN_RANGE_LOOP_ANALYSIS = YES;
				CLANG_WARN_STRICT_PROTOTYPES = YES;
				CLANG_WARN_SUSPICIOUS_MOVE = YES;
				CLANG_WARN_UNGUARDED_AVAILABILITY = YES_AGGRESSIVE;
				CLANG_WARN_UNREACHABLE_CODE = YES;
				CLANG_WARN__DUPLICATE_METHOD_MATCH = YES;
				COPY_PHASE_STRIP = NO;
				DEBUG_INFORMATION_FORMAT = dwarf;
				ENABLE_STRICT_OBJC_MSGSEND = YES;
				ENABLE_TESTABILITY = YES;
				GCC_C_LANGUAGE_STANDARD = gnu11;
				GCC_DYNAMIC_NO_PIC = NO;
				GCC_NO_COMMON_BLOCKS = YES;
				GCC_OPTIMIZATION_LEVEL = 0;
				GCC_PREPROCESSOR_DEFINITIONS = (
					"DEBUG=1",
					"$(inherited)",
				);
				GCC_WARN_64_TO_32_BIT_CONVERSION = YES;
				GCC_WARN_ABOUT_RETURN_TYPE = YES_ERROR;
				GCC_WARN_UNDECLARED_SELECTOR = YES;
				GCC_WARN_UNINITIALIZED_AUTOS = YES_AGGRESSIVE;
				GCC_WARN_UNUSED_FUNCTION = YES;
				GCC_WARN_UNUSED_VARIABLE = YES;
				IPHONEOS_DEPLOYMENT_TARGET = 16.4;
				MTL_ENABLE_DEBUG_INFO = INCLUDE_SOURCE;
				MTL_FAST_MATH = YES;
				ONLY_ACTIVE_ARCH = YES;
				SDKROOT = iphoneos;
				SWIFT_ACTIVE_COMPILATION_CONDITIONS = DEBUG;
				SWIFT_OPTIMIZATION_LEVEL = "-Onone";
			};
			name = Debug;
		};
		0EB04B802AA6D17A00DC0933 /* Release */ = {
			isa = XCBuildConfiguration;
			buildSettings = {
				ALWAYS_SEARCH_USER_PATHS = NO;
				CLANG_ANALYZER_NONNULL = YES;
				CLANG_ANALYZER_NUMBER_OBJECT_CONVERSION = YES_AGGRESSIVE;
				CLANG_CXX_LANGUAGE_STANDARD = "gnu++20";
				CLANG_ENABLE_MODULES = YES;
				CLANG_ENABLE_OBJC_ARC = YES;
				CLANG_ENABLE_OBJC_WEAK = YES;
				CLANG_WARN_BLOCK_CAPTURE_AUTORELEASING = YES;
				CLANG_WARN_BOOL_CONVERSION = YES;
				CLANG_WARN_COMMA = YES;
				CLANG_WARN_CONSTANT_CONVERSION = YES;
				CLANG_WARN_DEPRECATED_OBJC_IMPLEMENTATIONS = YES;
				CLANG_WARN_DIRECT_OBJC_ISA_USAGE = YES_ERROR;
				CLANG_WARN_DOCUMENTATION_COMMENTS = YES;
				CLANG_WARN_EMPTY_BODY = YES;
				CLANG_WARN_ENUM_CONVERSION = YES;
				CLANG_WARN_INFINITE_RECURSION = YES;
				CLANG_WARN_INT_CONVERSION = YES;
				CLANG_WARN_NON_LITERAL_NULL_CONVERSION = YES;
				CLANG_WARN_OBJC_IMPLICIT_RETAIN_SELF = YES;
				CLANG_WARN_OBJC_LITERAL_CONVERSION = YES;
				CLANG_WARN_OBJC_ROOT_CLASS = YES_ERROR;
				CLANG_WARN_QUOTED_INCLUDE_IN_FRAMEWORK_HEADER = YES;
				CLANG_WARN_RANGE_LOOP_ANALYSIS = YES;
				CLANG_WARN_STRICT_PROTOTYPES = YES;
				CLANG_WARN_SUSPICIOUS_MOVE = YES;
				CLANG_WARN_UNGUARDED_AVAILABILITY = YES_AGGRESSIVE;
				CLANG_WARN_UNREACHABLE_CODE = YES;
				CLANG_WARN__DUPLICATE_METHOD_MATCH = YES;
				COPY_PHASE_STRIP = NO;
				DEBUG_INFORMATION_FORMAT = "dwarf-with-dsym";
				ENABLE_NS_ASSERTIONS = NO;
				ENABLE_STRICT_OBJC_MSGSEND = YES;
				GCC_C_LANGUAGE_STANDARD = gnu11;
				GCC_NO_COMMON_BLOCKS = YES;
				GCC_WARN_64_TO_32_BIT_CONVERSION = YES;
				GCC_WARN_ABOUT_RETURN_TYPE = YES_ERROR;
				GCC_WARN_UNDECLARED_SELECTOR = YES;
				GCC_WARN_UNINITIALIZED_AUTOS = YES_AGGRESSIVE;
				GCC_WARN_UNUSED_FUNCTION = YES;
				GCC_WARN_UNUSED_VARIABLE = YES;
				IPHONEOS_DEPLOYMENT_TARGET = 16.4;
				MTL_ENABLE_DEBUG_INFO = NO;
				MTL_FAST_MATH = YES;
				SDKROOT = iphoneos;
				SWIFT_COMPILATION_MODE = wholemodule;
				SWIFT_OPTIMIZATION_LEVEL = "-O";
				VALIDATE_PRODUCT = YES;
			};
			name = Release;
		};
		0EB04B822AA6D17A00DC0933 /* Debug */ = {
			isa = XCBuildConfiguration;
			buildSettings = {
				ASSETCATALOG_COMPILER_APPICON_NAME = AppIcon;
				ASSETCATALOG_COMPILER_GLOBAL_ACCENT_COLOR_NAME = AccentColor;
				CODE_SIGN_ENTITLEMENTS = NalssiUttung/NalssiUttung.entitlements;
				CODE_SIGN_IDENTITY = "Apple Development";
				CODE_SIGN_STYLE = Automatic;
				CURRENT_PROJECT_VERSION = 1;
				DEVELOPMENT_ASSET_PATHS = "\"NalssiUttung/Preview Content\"";
				DEVELOPMENT_TEAM = RFZY2ACQ74;
				ENABLE_PREVIEWS = YES;
				GENERATE_INFOPLIST_FILE = YES;
				INFOPLIST_FILE = NalssiUttung/Info.plist;
				INFOPLIST_KEY_NSLocationAlwaysUsageDescription = "앱이 백그라운드에 들어가 있을 때도 위치 정보를 얻을 수 있도록 권한을 허용해 주세요.";
				INFOPLIST_KEY_NSLocationWhenInUseUsageDescription = "현재 위치 정보를 얻기 위해 권한을 허용해 주세요.";
				INFOPLIST_KEY_UIApplicationSceneManifest_Generation = YES;
				INFOPLIST_KEY_UIApplicationSupportsIndirectInputEvents = YES;
				INFOPLIST_KEY_UILaunchScreen_Generation = YES;
				INFOPLIST_KEY_UISupportedInterfaceOrientations_iPad = "UIInterfaceOrientationPortrait UIInterfaceOrientationPortraitUpsideDown UIInterfaceOrientationLandscapeLeft UIInterfaceOrientationLandscapeRight";
				INFOPLIST_KEY_UISupportedInterfaceOrientations_iPhone = "UIInterfaceOrientationPortrait UIInterfaceOrientationLandscapeLeft UIInterfaceOrientationLandscapeRight";
				INFOPLIST_KEY_UIUserInterfaceStyle = Light;
				LD_RUNPATH_SEARCH_PATHS = (
					"$(inherited)",
					"@executable_path/Frameworks",
				);
				MARKETING_VERSION = 1.0;
				PRODUCT_BUNDLE_IDENTIFIER = com.PohangTangerines.NalssiUttung;
				PRODUCT_NAME = "$(TARGET_NAME)";
				PROVISIONING_PROFILE_SPECIFIER = "";
				SWIFT_EMIT_LOC_STRINGS = YES;
				SWIFT_VERSION = 5.0;
				TARGETED_DEVICE_FAMILY = "1,2";
			};
			name = Debug;
		};
		0EB04B832AA6D17A00DC0933 /* Release */ = {
			isa = XCBuildConfiguration;
			buildSettings = {
				ASSETCATALOG_COMPILER_APPICON_NAME = AppIcon;
				ASSETCATALOG_COMPILER_GLOBAL_ACCENT_COLOR_NAME = AccentColor;
				CODE_SIGN_ENTITLEMENTS = NalssiUttung/NalssiUttung.entitlements;
				CODE_SIGN_IDENTITY = "Apple Development";
				CODE_SIGN_STYLE = Automatic;
				CURRENT_PROJECT_VERSION = 1;
				DEVELOPMENT_ASSET_PATHS = "\"NalssiUttung/Preview Content\"";
				DEVELOPMENT_TEAM = RFZY2ACQ74;
				ENABLE_PREVIEWS = YES;
				GENERATE_INFOPLIST_FILE = YES;
				INFOPLIST_FILE = NalssiUttung/Info.plist;
				INFOPLIST_KEY_NSLocationAlwaysUsageDescription = "앱이 백그라운드에 들어가 있을 때도 위치 정보를 얻을 수 있도록 권한을 허용해 주세요.";
				INFOPLIST_KEY_NSLocationWhenInUseUsageDescription = "현재 위치 정보를 얻기 위해 권한을 허용해 주세요.";
				INFOPLIST_KEY_UIApplicationSceneManifest_Generation = YES;
				INFOPLIST_KEY_UIApplicationSupportsIndirectInputEvents = YES;
				INFOPLIST_KEY_UILaunchScreen_Generation = YES;
				INFOPLIST_KEY_UISupportedInterfaceOrientations_iPad = "UIInterfaceOrientationPortrait UIInterfaceOrientationPortraitUpsideDown UIInterfaceOrientationLandscapeLeft UIInterfaceOrientationLandscapeRight";
				INFOPLIST_KEY_UISupportedInterfaceOrientations_iPhone = "UIInterfaceOrientationPortrait UIInterfaceOrientationLandscapeLeft UIInterfaceOrientationLandscapeRight";
				INFOPLIST_KEY_UIUserInterfaceStyle = Light;
				LD_RUNPATH_SEARCH_PATHS = (
					"$(inherited)",
					"@executable_path/Frameworks",
				);
				MARKETING_VERSION = 1.0;
				PRODUCT_BUNDLE_IDENTIFIER = com.PohangTangerines.NalssiUttung;
				PRODUCT_NAME = "$(TARGET_NAME)";
				PROVISIONING_PROFILE_SPECIFIER = "";
				SWIFT_EMIT_LOC_STRINGS = YES;
				SWIFT_VERSION = 5.0;
				TARGETED_DEVICE_FAMILY = "1,2";
			};
			name = Release;
		};
		0EB04B852AA6D17A00DC0933 /* Debug */ = {
			isa = XCBuildConfiguration;
			buildSettings = {
				ALWAYS_EMBED_SWIFT_STANDARD_LIBRARIES = YES;
				BUNDLE_LOADER = "$(TEST_HOST)";
				CODE_SIGN_STYLE = Automatic;
				CURRENT_PROJECT_VERSION = 1;
				DEVELOPMENT_TEAM = PAQ92DM7XD;
				GENERATE_INFOPLIST_FILE = YES;
				IPHONEOS_DEPLOYMENT_TARGET = 16.4;
				MARKETING_VERSION = 1.0;
				PRODUCT_BUNDLE_IDENTIFIER = PoTanz.NalssiUttungTests;
				PRODUCT_NAME = "$(TARGET_NAME)";
				SWIFT_EMIT_LOC_STRINGS = NO;
				SWIFT_VERSION = 5.0;
				TARGETED_DEVICE_FAMILY = "1,2";
				TEST_HOST = "$(BUILT_PRODUCTS_DIR)/NalssiUttung.app/$(BUNDLE_EXECUTABLE_FOLDER_PATH)/NalssiUttung";
			};
			name = Debug;
		};
		0EB04B862AA6D17A00DC0933 /* Release */ = {
			isa = XCBuildConfiguration;
			buildSettings = {
				ALWAYS_EMBED_SWIFT_STANDARD_LIBRARIES = YES;
				BUNDLE_LOADER = "$(TEST_HOST)";
				CODE_SIGN_STYLE = Automatic;
				CURRENT_PROJECT_VERSION = 1;
				DEVELOPMENT_TEAM = PAQ92DM7XD;
				GENERATE_INFOPLIST_FILE = YES;
				IPHONEOS_DEPLOYMENT_TARGET = 16.4;
				MARKETING_VERSION = 1.0;
				PRODUCT_BUNDLE_IDENTIFIER = PoTanz.NalssiUttungTests;
				PRODUCT_NAME = "$(TARGET_NAME)";
				SWIFT_EMIT_LOC_STRINGS = NO;
				SWIFT_VERSION = 5.0;
				TARGETED_DEVICE_FAMILY = "1,2";
				TEST_HOST = "$(BUILT_PRODUCTS_DIR)/NalssiUttung.app/$(BUNDLE_EXECUTABLE_FOLDER_PATH)/NalssiUttung";
			};
			name = Release;
		};
		0EB04B882AA6D17A00DC0933 /* Debug */ = {
			isa = XCBuildConfiguration;
			buildSettings = {
				ALWAYS_EMBED_SWIFT_STANDARD_LIBRARIES = YES;
				CODE_SIGN_STYLE = Automatic;
				CURRENT_PROJECT_VERSION = 1;
				DEVELOPMENT_TEAM = PAQ92DM7XD;
				GENERATE_INFOPLIST_FILE = YES;
				MARKETING_VERSION = 1.0;
				PRODUCT_BUNDLE_IDENTIFIER = PoTanz.NalssiUttungUITests;
				PRODUCT_NAME = "$(TARGET_NAME)";
				SWIFT_EMIT_LOC_STRINGS = NO;
				SWIFT_VERSION = 5.0;
				TARGETED_DEVICE_FAMILY = "1,2";
				TEST_TARGET_NAME = NalssiUttung;
			};
			name = Debug;
		};
		0EB04B892AA6D17A00DC0933 /* Release */ = {
			isa = XCBuildConfiguration;
			buildSettings = {
				ALWAYS_EMBED_SWIFT_STANDARD_LIBRARIES = YES;
				CODE_SIGN_STYLE = Automatic;
				CURRENT_PROJECT_VERSION = 1;
				DEVELOPMENT_TEAM = PAQ92DM7XD;
				GENERATE_INFOPLIST_FILE = YES;
				MARKETING_VERSION = 1.0;
				PRODUCT_BUNDLE_IDENTIFIER = PoTanz.NalssiUttungUITests;
				PRODUCT_NAME = "$(TARGET_NAME)";
				SWIFT_EMIT_LOC_STRINGS = NO;
				SWIFT_VERSION = 5.0;
				TARGETED_DEVICE_FAMILY = "1,2";
				TEST_TARGET_NAME = NalssiUttung;
			};
			name = Release;
		};
/* End XCBuildConfiguration section */

/* Begin XCConfigurationList section */
		0EB04B582AA6D17900DC0933 /* Build configuration list for PBXProject "NalssiUttung" */ = {
			isa = XCConfigurationList;
			buildConfigurations = (
				0EB04B7F2AA6D17A00DC0933 /* Debug */,
				0EB04B802AA6D17A00DC0933 /* Release */,
			);
			defaultConfigurationIsVisible = 0;
			defaultConfigurationName = Release;
		};
		0EB04B812AA6D17A00DC0933 /* Build configuration list for PBXNativeTarget "NalssiUttung" */ = {
			isa = XCConfigurationList;
			buildConfigurations = (
				0EB04B822AA6D17A00DC0933 /* Debug */,
				0EB04B832AA6D17A00DC0933 /* Release */,
			);
			defaultConfigurationIsVisible = 0;
			defaultConfigurationName = Release;
		};
		0EB04B842AA6D17A00DC0933 /* Build configuration list for PBXNativeTarget "NalssiUttungTests" */ = {
			isa = XCConfigurationList;
			buildConfigurations = (
				0EB04B852AA6D17A00DC0933 /* Debug */,
				0EB04B862AA6D17A00DC0933 /* Release */,
			);
			defaultConfigurationIsVisible = 0;
			defaultConfigurationName = Release;
		};
		0EB04B872AA6D17A00DC0933 /* Build configuration list for PBXNativeTarget "NalssiUttungUITests" */ = {
			isa = XCConfigurationList;
			buildConfigurations = (
				0EB04B882AA6D17A00DC0933 /* Debug */,
				0EB04B892AA6D17A00DC0933 /* Release */,
			);
			defaultConfigurationIsVisible = 0;
			defaultConfigurationName = Release;
		};
/* End XCConfigurationList section */

/* Begin XCRemoteSwiftPackageReference section */
		0E7B8A7E2ACC56D6006E1F5E /* XCRemoteSwiftPackageReference "ScrollKit" */ = {
			isa = XCRemoteSwiftPackageReference;
			repositoryURL = "https://github.com/danielsaidi/ScrollKit.git";
			requirement = {
				kind = upToNextMajorVersion;
				minimumVersion = 0.3.0;
			};
		};
/* End XCRemoteSwiftPackageReference section */

/* Begin XCSwiftPackageProductDependency section */
		0E7B8A7F2ACC56D6006E1F5E /* ScrollKit */ = {
			isa = XCSwiftPackageProductDependency;
			package = 0E7B8A7E2ACC56D6006E1F5E /* XCRemoteSwiftPackageReference "ScrollKit" */;
			productName = ScrollKit;
		};
/* End XCSwiftPackageProductDependency section */
	};
	rootObject = 0EB04B552AA6D17900DC0933 /* Project object */;
}
